// !$*UTF8*$!
{
	archiveVersion = 1;
	classes = {
	};
	objectVersion = 50;
	objects = {

/* Begin PBXBuildFile section */
		52002D4B329F0395431F1131 /* Pods_sdk.framework in Frameworks */ = {isa = PBXBuildFile; fileRef = 904FED93340230C4AB604DC7 /* Pods_sdk.framework */; };
		83171F0225124A1B00ACE6B1 /* Assets.xcassets in Resources */ = {isa = PBXBuildFile; fileRef = 83171F002512490800ACE6B1 /* Assets.xcassets */; };
		83171F0325124A1B00ACE6B1 /* PaymentForm.storyboard in Resources */ = {isa = PBXBuildFile; fileRef = 83171F012512490800ACE6B1 /* PaymentForm.storyboard */; };
		8341E46F268E65EE007561FF /* Card.swift in Sources */ = {isa = PBXBuildFile; fileRef = 8341E43F268E65ED007561FF /* Card.swift */; };
		8341E470268E65EE007561FF /* TextField.swift in Sources */ = {isa = PBXBuildFile; fileRef = 8341E442268E65ED007561FF /* TextField.swift */; };
		8341E471268E65EE007561FF /* Button.swift in Sources */ = {isa = PBXBuildFile; fileRef = 8341E443268E65ED007561FF /* Button.swift */; };
		8341E472268E65EE007561FF /* FormPresentationController.swift in Sources */ = {isa = PBXBuildFile; fileRef = 8341E444268E65ED007561FF /* FormPresentationController.swift */; };
		8341E473268E65EE007561FF /* UIViewController+Extensions.swift in Sources */ = {isa = PBXBuildFile; fileRef = 8341E446268E65ED007561FF /* UIViewController+Extensions.swift */; };
		8341E474268E65EE007561FF /* PKPayment+Convert.swift in Sources */ = {isa = PBXBuildFile; fileRef = 8341E447268E65ED007561FF /* PKPayment+Convert.swift */; };
		8341E475268E65EE007561FF /* String+Extensions.swift in Sources */ = {isa = PBXBuildFile; fileRef = 8341E448268E65ED007561FF /* String+Extensions.swift */; };
		8341E476268E65EE007561FF /* UIColor+Assets.swift in Sources */ = {isa = PBXBuildFile; fileRef = 8341E449268E65ED007561FF /* UIColor+Assets.swift */; };
		8341E477268E65EE007561FF /* UIView+Constraints.swift in Sources */ = {isa = PBXBuildFile; fileRef = 8341E44A268E65ED007561FF /* UIView+Constraints.swift */; };
		8341E478268E65EE007561FF /* UIImage+Assets.swift in Sources */ = {isa = PBXBuildFile; fileRef = 8341E44B268E65ED007561FF /* UIImage+Assets.swift */; };
		8341E479268E65EE007561FF /* Bundle+Extenstions.swift in Sources */ = {isa = PBXBuildFile; fileRef = 8341E44C268E65ED007561FF /* Bundle+Extenstions.swift */; };
		8341E47A268E65EE007561FF /* RSAUtils.swift in Sources */ = {isa = PBXBuildFile; fileRef = 8341E44D268E65ED007561FF /* RSAUtils.swift */; };
		8341E47B268E65EE007561FF /* AuthRequest.swift in Sources */ = {isa = PBXBuildFile; fileRef = 8341E44F268E65ED007561FF /* AuthRequest.swift */; };
		8341E47C268E65EE007561FF /* BaseRequest.swift in Sources */ = {isa = PBXBuildFile; fileRef = 8341E450268E65ED007561FF /* BaseRequest.swift */; };
		8341E47D268E65EE007561FF /* ChargeRequest.swift in Sources */ = {isa = PBXBuildFile; fileRef = 8341E451268E65ED007561FF /* ChargeRequest.swift */; };
		8341E47E268E65EE007561FF /* PostThreeDsRequest.swift in Sources */ = {isa = PBXBuildFile; fileRef = 8341E452268E65ED007561FF /* PostThreeDsRequest.swift */; };
		8341E47F268E65EE007561FF /* TransactionResponse.swift in Sources */ = {isa = PBXBuildFile; fileRef = 8341E454268E65ED007561FF /* TransactionResponse.swift */; };
		8341E480268E65EE007561FF /* Currency.swift in Sources */ = {isa = PBXBuildFile; fileRef = 8341E455268E65ED007561FF /* Currency.swift */; };
		8341E481268E65EE007561FF /* BankInfoResponse.swift in Sources */ = {isa = PBXBuildFile; fileRef = 8341E456268E65ED007561FF /* BankInfoResponse.swift */; };
		8341E482268E65EE007561FF /* BankInfo.swift in Sources */ = {isa = PBXBuildFile; fileRef = 8341E457268E65ED007561FF /* BankInfo.swift */; };
		8341E483268E65EE007561FF /* Transaction.swift in Sources */ = {isa = PBXBuildFile; fileRef = 8341E458268E65ED007561FF /* Transaction.swift */; };
		8341E484268E65EE007561FF /* ThreeDsResponse.swift in Sources */ = {isa = PBXBuildFile; fileRef = 8341E459268E65ED007561FF /* ThreeDsResponse.swift */; };
		8341E485268E65EE007561FF /* CloudpaymentsApi.swift in Sources */ = {isa = PBXBuildFile; fileRef = 8341E45A268E65ED007561FF /* CloudpaymentsApi.swift */; };
		8341E486268E65EE007561FF /* BankInfoRequest.swift in Sources */ = {isa = PBXBuildFile; fileRef = 8341E45B268E65ED007561FF /* BankInfoRequest.swift */; };
		8341E487268E65EE007561FF /* PaymentData.swift in Sources */ = {isa = PBXBuildFile; fileRef = 8341E45E268E65ED007561FF /* PaymentData.swift */; };
		8341E488268E65EE007561FF /* PaymentDelegate.swift in Sources */ = {isa = PBXBuildFile; fileRef = 8341E45F268E65ED007561FF /* PaymentDelegate.swift */; };
		8341E489268E65EE007561FF /* PaymentConfiguration.swift in Sources */ = {isa = PBXBuildFile; fileRef = 8341E460268E65ED007561FF /* PaymentConfiguration.swift */; };
		8341E48A268E65EE007561FF /* BaseViewController.swift in Sources */ = {isa = PBXBuildFile; fileRef = 8341E461268E65ED007561FF /* BaseViewController.swift */; };
		8341E48B268E65EE007561FF /* PaymentCardScanner.swift in Sources */ = {isa = PBXBuildFile; fileRef = 8341E462268E65ED007561FF /* PaymentCardScanner.swift */; };
		8341E48C268E65EE007561FF /* PaymentCardForm.swift in Sources */ = {isa = PBXBuildFile; fileRef = 8341E463268E65ED007561FF /* PaymentCardForm.swift */; };
		8341E48D268E65EE007561FF /* PaymentProcessForm.swift in Sources */ = {isa = PBXBuildFile; fileRef = 8341E464268E65ED007561FF /* PaymentProcessForm.swift */; };
		8341E48E268E65EE007561FF /* PaymentOptionsForm.swift in Sources */ = {isa = PBXBuildFile; fileRef = 8341E465268E65ED007561FF /* PaymentOptionsForm.swift */; };
		8341E48F268E65EE007561FF /* PaymentForm.swift in Sources */ = {isa = PBXBuildFile; fileRef = 8341E466268E65ED007561FF /* PaymentForm.swift */; };
		8341E494268E65EE007561FF /* ThreeDsProcessor.swift in Sources */ = {isa = PBXBuildFile; fileRef = 8341E46D268E65EE007561FF /* ThreeDsProcessor.swift */; };
		8341E495268E65EE007561FF /* ThreeDsData.swift in Sources */ = {isa = PBXBuildFile; fileRef = 8341E46E268E65EE007561FF /* ThreeDsData.swift */; };
		8341E498268E6626007561FF /* CloudpaymentsHTTPResource.swift in Sources */ = {isa = PBXBuildFile; fileRef = 8341E497268E6626007561FF /* CloudpaymentsHTTPResource.swift */; };
		8341E6A426930620007561FF /* PublicKey.txt in Resources */ = {isa = PBXBuildFile; fileRef = 8341E6A326930620007561FF /* PublicKey.txt */; };
/* End PBXBuildFile section */

/* Begin PBXFileReference section */
		134298D52339F6A7009C744C /* sdk.framework */ = {isa = PBXFileReference; explicitFileType = wrapper.framework; includeInIndex = 0; path = sdk.framework; sourceTree = BUILT_PRODUCTS_DIR; };
		134298D92339F6A7009C744C /* Info.plist */ = {isa = PBXFileReference; lastKnownFileType = text.plist.xml; path = Info.plist; sourceTree = "<group>"; };
		185354401319B708FEC8FF5E /* Pods-sdk.debug.xcconfig */ = {isa = PBXFileReference; includeInIndex = 1; lastKnownFileType = text.xcconfig; name = "Pods-sdk.debug.xcconfig"; path = "Target Support Files/Pods-sdk/Pods-sdk.debug.xcconfig"; sourceTree = "<group>"; };
		44D06FD4F52EED4F71CB106D /* Pods-sdk.release.xcconfig */ = {isa = PBXFileReference; includeInIndex = 1; lastKnownFileType = text.xcconfig; name = "Pods-sdk.release.xcconfig"; path = "Target Support Files/Pods-sdk/Pods-sdk.release.xcconfig"; sourceTree = "<group>"; };
		83171F002512490800ACE6B1 /* Assets.xcassets */ = {isa = PBXFileReference; lastKnownFileType = folder.assetcatalog; path = Assets.xcassets; sourceTree = "<group>"; };
		83171F012512490800ACE6B1 /* PaymentForm.storyboard */ = {isa = PBXFileReference; lastKnownFileType = file.storyboard; path = PaymentForm.storyboard; sourceTree = "<group>"; };
		8341E43F268E65ED007561FF /* Card.swift */ = {isa = PBXFileReference; fileEncoding = 4; lastKnownFileType = sourcecode.swift; path = Card.swift; sourceTree = "<group>"; };
		8341E442268E65ED007561FF /* TextField.swift */ = {isa = PBXFileReference; fileEncoding = 4; lastKnownFileType = sourcecode.swift; path = TextField.swift; sourceTree = "<group>"; };
		8341E443268E65ED007561FF /* Button.swift */ = {isa = PBXFileReference; fileEncoding = 4; lastKnownFileType = sourcecode.swift; path = Button.swift; sourceTree = "<group>"; };
		8341E444268E65ED007561FF /* FormPresentationController.swift */ = {isa = PBXFileReference; fileEncoding = 4; lastKnownFileType = sourcecode.swift; path = FormPresentationController.swift; sourceTree = "<group>"; };
		8341E446268E65ED007561FF /* UIViewController+Extensions.swift */ = {isa = PBXFileReference; fileEncoding = 4; lastKnownFileType = sourcecode.swift; path = "UIViewController+Extensions.swift"; sourceTree = "<group>"; };
		8341E447268E65ED007561FF /* PKPayment+Convert.swift */ = {isa = PBXFileReference; fileEncoding = 4; lastKnownFileType = sourcecode.swift; path = "PKPayment+Convert.swift"; sourceTree = "<group>"; };
		8341E448268E65ED007561FF /* String+Extensions.swift */ = {isa = PBXFileReference; fileEncoding = 4; lastKnownFileType = sourcecode.swift; path = "String+Extensions.swift"; sourceTree = "<group>"; };
		8341E449268E65ED007561FF /* UIColor+Assets.swift */ = {isa = PBXFileReference; fileEncoding = 4; lastKnownFileType = sourcecode.swift; path = "UIColor+Assets.swift"; sourceTree = "<group>"; };
		8341E44A268E65ED007561FF /* UIView+Constraints.swift */ = {isa = PBXFileReference; fileEncoding = 4; lastKnownFileType = sourcecode.swift; path = "UIView+Constraints.swift"; sourceTree = "<group>"; };
		8341E44B268E65ED007561FF /* UIImage+Assets.swift */ = {isa = PBXFileReference; fileEncoding = 4; lastKnownFileType = sourcecode.swift; path = "UIImage+Assets.swift"; sourceTree = "<group>"; };
		8341E44C268E65ED007561FF /* Bundle+Extenstions.swift */ = {isa = PBXFileReference; fileEncoding = 4; lastKnownFileType = sourcecode.swift; path = "Bundle+Extenstions.swift"; sourceTree = "<group>"; };
		8341E44D268E65ED007561FF /* RSAUtils.swift */ = {isa = PBXFileReference; fileEncoding = 4; lastKnownFileType = sourcecode.swift; path = RSAUtils.swift; sourceTree = "<group>"; };
		8341E44F268E65ED007561FF /* AuthRequest.swift */ = {isa = PBXFileReference; fileEncoding = 4; lastKnownFileType = sourcecode.swift; path = AuthRequest.swift; sourceTree = "<group>"; };
		8341E450268E65ED007561FF /* BaseRequest.swift */ = {isa = PBXFileReference; fileEncoding = 4; lastKnownFileType = sourcecode.swift; path = BaseRequest.swift; sourceTree = "<group>"; };
		8341E451268E65ED007561FF /* ChargeRequest.swift */ = {isa = PBXFileReference; fileEncoding = 4; lastKnownFileType = sourcecode.swift; path = ChargeRequest.swift; sourceTree = "<group>"; };
		8341E452268E65ED007561FF /* PostThreeDsRequest.swift */ = {isa = PBXFileReference; fileEncoding = 4; lastKnownFileType = sourcecode.swift; path = PostThreeDsRequest.swift; sourceTree = "<group>"; };
		8341E454268E65ED007561FF /* TransactionResponse.swift */ = {isa = PBXFileReference; fileEncoding = 4; lastKnownFileType = sourcecode.swift; path = TransactionResponse.swift; sourceTree = "<group>"; };
		8341E455268E65ED007561FF /* Currency.swift */ = {isa = PBXFileReference; fileEncoding = 4; lastKnownFileType = sourcecode.swift; path = Currency.swift; sourceTree = "<group>"; };
		8341E456268E65ED007561FF /* BankInfoResponse.swift */ = {isa = PBXFileReference; fileEncoding = 4; lastKnownFileType = sourcecode.swift; path = BankInfoResponse.swift; sourceTree = "<group>"; };
		8341E457268E65ED007561FF /* BankInfo.swift */ = {isa = PBXFileReference; fileEncoding = 4; lastKnownFileType = sourcecode.swift; path = BankInfo.swift; sourceTree = "<group>"; };
		8341E458268E65ED007561FF /* Transaction.swift */ = {isa = PBXFileReference; fileEncoding = 4; lastKnownFileType = sourcecode.swift; path = Transaction.swift; sourceTree = "<group>"; };
		8341E459268E65ED007561FF /* ThreeDsResponse.swift */ = {isa = PBXFileReference; fileEncoding = 4; lastKnownFileType = sourcecode.swift; path = ThreeDsResponse.swift; sourceTree = "<group>"; };
		8341E45A268E65ED007561FF /* CloudpaymentsApi.swift */ = {isa = PBXFileReference; fileEncoding = 4; lastKnownFileType = sourcecode.swift; path = CloudpaymentsApi.swift; sourceTree = "<group>"; };
		8341E45B268E65ED007561FF /* BankInfoRequest.swift */ = {isa = PBXFileReference; fileEncoding = 4; lastKnownFileType = sourcecode.swift; path = BankInfoRequest.swift; sourceTree = "<group>"; };
		8341E45E268E65ED007561FF /* PaymentData.swift */ = {isa = PBXFileReference; fileEncoding = 4; lastKnownFileType = sourcecode.swift; path = PaymentData.swift; sourceTree = "<group>"; };
		8341E45F268E65ED007561FF /* PaymentDelegate.swift */ = {isa = PBXFileReference; fileEncoding = 4; lastKnownFileType = sourcecode.swift; path = PaymentDelegate.swift; sourceTree = "<group>"; };
		8341E460268E65ED007561FF /* PaymentConfiguration.swift */ = {isa = PBXFileReference; fileEncoding = 4; lastKnownFileType = sourcecode.swift; path = PaymentConfiguration.swift; sourceTree = "<group>"; };
		8341E461268E65ED007561FF /* BaseViewController.swift */ = {isa = PBXFileReference; fileEncoding = 4; lastKnownFileType = sourcecode.swift; path = BaseViewController.swift; sourceTree = "<group>"; };
		8341E462268E65ED007561FF /* PaymentCardScanner.swift */ = {isa = PBXFileReference; fileEncoding = 4; lastKnownFileType = sourcecode.swift; path = PaymentCardScanner.swift; sourceTree = "<group>"; };
		8341E463268E65ED007561FF /* PaymentCardForm.swift */ = {isa = PBXFileReference; fileEncoding = 4; lastKnownFileType = sourcecode.swift; path = PaymentCardForm.swift; sourceTree = "<group>"; };
		8341E464268E65ED007561FF /* PaymentProcessForm.swift */ = {isa = PBXFileReference; fileEncoding = 4; lastKnownFileType = sourcecode.swift; path = PaymentProcessForm.swift; sourceTree = "<group>"; };
		8341E465268E65ED007561FF /* PaymentOptionsForm.swift */ = {isa = PBXFileReference; fileEncoding = 4; lastKnownFileType = sourcecode.swift; path = PaymentOptionsForm.swift; sourceTree = "<group>"; };
		8341E466268E65ED007561FF /* PaymentForm.swift */ = {isa = PBXFileReference; fileEncoding = 4; lastKnownFileType = sourcecode.swift; path = PaymentForm.swift; sourceTree = "<group>"; };
		8341E46D268E65EE007561FF /* ThreeDsProcessor.swift */ = {isa = PBXFileReference; fileEncoding = 4; lastKnownFileType = sourcecode.swift; path = ThreeDsProcessor.swift; sourceTree = "<group>"; };
		8341E46E268E65EE007561FF /* ThreeDsData.swift */ = {isa = PBXFileReference; fileEncoding = 4; lastKnownFileType = sourcecode.swift; path = ThreeDsData.swift; sourceTree = "<group>"; };
		8341E497268E6626007561FF /* CloudpaymentsHTTPResource.swift */ = {isa = PBXFileReference; lastKnownFileType = sourcecode.swift; path = CloudpaymentsHTTPResource.swift; sourceTree = "<group>"; };
		8341E6A326930620007561FF /* PublicKey.txt */ = {isa = PBXFileReference; fileEncoding = 4; lastKnownFileType = text; path = PublicKey.txt; sourceTree = "<group>"; wrapsLines = 1; };
		83507D332525DF3700637BB6 /* Accelerate.framework */ = {isa = PBXFileReference; lastKnownFileType = wrapper.framework; name = Accelerate.framework; path = Platforms/MacOSX.platform/Developer/SDKs/MacOSX10.15.sdk/System/Library/Frameworks/Accelerate.framework; sourceTree = DEVELOPER_DIR; };
		83507D352525DF3C00637BB6 /* AVFoundation.framework */ = {isa = PBXFileReference; lastKnownFileType = wrapper.framework; name = AVFoundation.framework; path = Platforms/MacOSX.platform/Developer/SDKs/MacOSX10.15.sdk/System/Library/Frameworks/AVFoundation.framework; sourceTree = DEVELOPER_DIR; };
		83507D372525DF4300637BB6 /* AudioToolbox.framework */ = {isa = PBXFileReference; lastKnownFileType = wrapper.framework; name = AudioToolbox.framework; path = Platforms/MacOSX.platform/Developer/SDKs/MacOSX10.15.sdk/System/Library/Frameworks/AudioToolbox.framework; sourceTree = DEVELOPER_DIR; };
		83507D392525DF4D00637BB6 /* CoreMedia.framework */ = {isa = PBXFileReference; lastKnownFileType = wrapper.framework; name = CoreMedia.framework; path = Platforms/MacOSX.platform/Developer/SDKs/MacOSX10.15.sdk/System/Library/Frameworks/CoreMedia.framework; sourceTree = DEVELOPER_DIR; };
		83507D3B2525DF5300637BB6 /* MobileCoreServices.framework */ = {isa = PBXFileReference; lastKnownFileType = wrapper.framework; name = MobileCoreServices.framework; path = Platforms/MacOSX.platform/Developer/SDKs/MacOSX10.15.sdk/System/iOSSupport/System/Library/Frameworks/MobileCoreServices.framework; sourceTree = DEVELOPER_DIR; };
		83507D3D2525DFA000637BB6 /* sdk-Bridging-Header.h */ = {isa = PBXFileReference; lastKnownFileType = sourcecode.c.h; path = "sdk-Bridging-Header.h"; sourceTree = "<group>"; };
		83507D3F2525DFDD00637BB6 /* CoreServices.framework */ = {isa = PBXFileReference; lastKnownFileType = wrapper.framework; name = CoreServices.framework; path = Platforms/MacOSX.platform/Developer/SDKs/MacOSX10.15.sdk/System/Library/Frameworks/CoreServices.framework; sourceTree = DEVELOPER_DIR; };
		904FED93340230C4AB604DC7 /* Pods_sdk.framework */ = {isa = PBXFileReference; explicitFileType = wrapper.framework; includeInIndex = 0; path = Pods_sdk.framework; sourceTree = BUILT_PRODUCTS_DIR; };
/* End PBXFileReference section */

/* Begin PBXFrameworksBuildPhase section */
		134298D22339F6A7009C744C /* Frameworks */ = {
			isa = PBXFrameworksBuildPhase;
			buildActionMask = 2147483647;
			files = (
				52002D4B329F0395431F1131 /* Pods_sdk.framework in Frameworks */,
			);
			runOnlyForDeploymentPostprocessing = 0;
		};
/* End PBXFrameworksBuildPhase section */

/* Begin PBXGroup section */
		134298CB2339F6A7009C744C = {
			isa = PBXGroup;
			children = (
				83507D3D2525DFA000637BB6 /* sdk-Bridging-Header.h */,
				134298D72339F6A7009C744C /* sdk */,
				83171EF52512339E00ACE6B1 /* Resources */,
				134298D62339F6A7009C744C /* Products */,
				D6C804324FE0F6D877C7A194 /* Pods */,
				ACB27EC35C80F9D1EB2A0DD8 /* Frameworks */,
			);
			sourceTree = "<group>";
		};
		134298D62339F6A7009C744C /* Products */ = {
			isa = PBXGroup;
			children = (
				134298D52339F6A7009C744C /* sdk.framework */,
			);
			name = Products;
			sourceTree = "<group>";
		};
		134298D72339F6A7009C744C /* sdk */ = {
			isa = PBXGroup;
			children = (
				8341E44E268E65ED007561FF /* api */,
				8341E43E268E65ED007561FF /* Card */,
				8341E45C268E65ED007561FF /* PaymentForm */,
				8341E46C268E65EE007561FF /* ThreeDs */,
				8341E440268E65ED007561FF /* Utils */,
				134298D92339F6A7009C744C /* Info.plist */,
			);
			path = sdk;
			sourceTree = "<group>";
		};
		83171EF52512339E00ACE6B1 /* Resources */ = {
			isa = PBXGroup;
			children = (
				83171F002512490800ACE6B1 /* Assets.xcassets */,
				83171F012512490800ACE6B1 /* PaymentForm.storyboard */,
				8341E6A326930620007561FF /* PublicKey.txt */,
			);
			path = Resources;
			sourceTree = "<group>";
		};
		8341E43E268E65ED007561FF /* Card */ = {
			isa = PBXGroup;
			children = (
				8341E43F268E65ED007561FF /* Card.swift */,
			);
			path = Card;
			sourceTree = "<group>";
		};
		8341E440268E65ED007561FF /* Utils */ = {
			isa = PBXGroup;
			children = (
				8341E441268E65ED007561FF /* UIKit */,
				8341E445268E65ED007561FF /* Extenstions */,
				8341E44D268E65ED007561FF /* RSAUtils.swift */,
			);
			path = Utils;
			sourceTree = "<group>";
		};
		8341E441268E65ED007561FF /* UIKit */ = {
			isa = PBXGroup;
			children = (
				8341E442268E65ED007561FF /* TextField.swift */,
				8341E443268E65ED007561FF /* Button.swift */,
				8341E444268E65ED007561FF /* FormPresentationController.swift */,
			);
			path = UIKit;
			sourceTree = "<group>";
		};
		8341E445268E65ED007561FF /* Extenstions */ = {
			isa = PBXGroup;
			children = (
				8341E446268E65ED007561FF /* UIViewController+Extensions.swift */,
				8341E447268E65ED007561FF /* PKPayment+Convert.swift */,
				8341E448268E65ED007561FF /* String+Extensions.swift */,
				8341E449268E65ED007561FF /* UIColor+Assets.swift */,
				8341E44A268E65ED007561FF /* UIView+Constraints.swift */,
				8341E44B268E65ED007561FF /* UIImage+Assets.swift */,
				8341E44C268E65ED007561FF /* Bundle+Extenstions.swift */,
			);
			path = Extenstions;
			sourceTree = "<group>";
		};
		8341E44E268E65ED007561FF /* api */ = {
			isa = PBXGroup;
			children = (
				8341E44F268E65ED007561FF /* AuthRequest.swift */,
				8341E450268E65ED007561FF /* BaseRequest.swift */,
				8341E451268E65ED007561FF /* ChargeRequest.swift */,
				8341E452268E65ED007561FF /* PostThreeDsRequest.swift */,
				8341E453268E65ED007561FF /* Models */,
				8341E45A268E65ED007561FF /* CloudpaymentsApi.swift */,
				8341E45B268E65ED007561FF /* BankInfoRequest.swift */,
				8341E497268E6626007561FF /* CloudpaymentsHTTPResource.swift */,
			);
			path = api;
			sourceTree = "<group>";
		};
		8341E453268E65ED007561FF /* Models */ = {
			isa = PBXGroup;
			children = (
				8341E454268E65ED007561FF /* TransactionResponse.swift */,
				8341E455268E65ED007561FF /* Currency.swift */,
				8341E456268E65ED007561FF /* BankInfoResponse.swift */,
				8341E457268E65ED007561FF /* BankInfo.swift */,
				8341E458268E65ED007561FF /* Transaction.swift */,
				8341E459268E65ED007561FF /* ThreeDsResponse.swift */,
			);
			path = Models;
			sourceTree = "<group>";
		};
		8341E45C268E65ED007561FF /* PaymentForm */ = {
			isa = PBXGroup;
			children = (
				8341E45D268E65ED007561FF /* configuration */,
				8341E461268E65ED007561FF /* BaseViewController.swift */,
				8341E462268E65ED007561FF /* PaymentCardScanner.swift */,
				8341E463268E65ED007561FF /* PaymentCardForm.swift */,
				8341E464268E65ED007561FF /* PaymentProcessForm.swift */,
				8341E465268E65ED007561FF /* PaymentOptionsForm.swift */,
				8341E466268E65ED007561FF /* PaymentForm.swift */,
			);
			path = PaymentForm;
			sourceTree = "<group>";
		};
		8341E45D268E65ED007561FF /* configuration */ = {
			isa = PBXGroup;
			children = (
				8341E45E268E65ED007561FF /* PaymentData.swift */,
				8341E45F268E65ED007561FF /* PaymentDelegate.swift */,
				8341E460268E65ED007561FF /* PaymentConfiguration.swift */,
			);
			path = configuration;
			sourceTree = "<group>";
		};
		8341E46C268E65EE007561FF /* ThreeDs */ = {
			isa = PBXGroup;
			children = (
				8341E46D268E65EE007561FF /* ThreeDsProcessor.swift */,
				8341E46E268E65EE007561FF /* ThreeDsData.swift */,
			);
			path = ThreeDs;
			sourceTree = "<group>";
		};
		ACB27EC35C80F9D1EB2A0DD8 /* Frameworks */ = {
			isa = PBXGroup;
			children = (
				83507D3F2525DFDD00637BB6 /* CoreServices.framework */,
				83507D3B2525DF5300637BB6 /* MobileCoreServices.framework */,
				83507D392525DF4D00637BB6 /* CoreMedia.framework */,
				83507D372525DF4300637BB6 /* AudioToolbox.framework */,
				83507D352525DF3C00637BB6 /* AVFoundation.framework */,
				83507D332525DF3700637BB6 /* Accelerate.framework */,
				904FED93340230C4AB604DC7 /* Pods_sdk.framework */,
			);
			name = Frameworks;
			sourceTree = "<group>";
		};
		D6C804324FE0F6D877C7A194 /* Pods */ = {
			isa = PBXGroup;
			children = (
				185354401319B708FEC8FF5E /* Pods-sdk.debug.xcconfig */,
				44D06FD4F52EED4F71CB106D /* Pods-sdk.release.xcconfig */,
			);
			path = Pods;
			sourceTree = "<group>";
		};
/* End PBXGroup section */

/* Begin PBXHeadersBuildPhase section */
		134298D02339F6A7009C744C /* Headers */ = {
			isa = PBXHeadersBuildPhase;
			buildActionMask = 2147483647;
			files = (
			);
			runOnlyForDeploymentPostprocessing = 0;
		};
/* End PBXHeadersBuildPhase section */

/* Begin PBXNativeTarget section */
		134298D42339F6A7009C744C /* sdk */ = {
			isa = PBXNativeTarget;
			buildConfigurationList = 134298DD2339F6A7009C744C /* Build configuration list for PBXNativeTarget "sdk" */;
			buildPhases = (
				A271B3754B2C54E16DBD2B6F /* [CP] Check Pods Manifest.lock */,
				134298D02339F6A7009C744C /* Headers */,
				134298D12339F6A7009C744C /* Sources */,
				134298D22339F6A7009C744C /* Frameworks */,
				134298D32339F6A7009C744C /* Resources */,
			);
			buildRules = (
			);
			dependencies = (
			);
			name = sdk;
			productName = sdk;
			productReference = 134298D52339F6A7009C744C /* sdk.framework */;
			productType = "com.apple.product-type.framework";
		};
/* End PBXNativeTarget section */

/* Begin PBXProject section */
		134298CC2339F6A7009C744C /* Project object */ = {
			isa = PBXProject;
			attributes = {
				LastUpgradeCheck = 1200;
				ORGANIZATIONNAME = Cloudpayments;
				TargetAttributes = {
					134298D42339F6A7009C744C = {
						CreatedOnToolsVersion = 11.0;
						LastSwiftMigration = 1150;
					};
				};
			};
			buildConfigurationList = 134298CF2339F6A7009C744C /* Build configuration list for PBXProject "sdk" */;
			compatibilityVersion = "Xcode 9.3";
			developmentRegion = en;
			hasScannedForEncodings = 0;
			knownRegions = (
				en,
				Base,
			);
			mainGroup = 134298CB2339F6A7009C744C;
			productRefGroup = 134298D62339F6A7009C744C /* Products */;
			projectDirPath = "";
			projectRoot = "";
			targets = (
				134298D42339F6A7009C744C /* sdk */,
			);
		};
/* End PBXProject section */

/* Begin PBXResourcesBuildPhase section */
		134298D32339F6A7009C744C /* Resources */ = {
			isa = PBXResourcesBuildPhase;
			buildActionMask = 2147483647;
			files = (
				83171F0225124A1B00ACE6B1 /* Assets.xcassets in Resources */,
				83171F0325124A1B00ACE6B1 /* PaymentForm.storyboard in Resources */,
				8341E6A426930620007561FF /* PublicKey.txt in Resources */,
			);
			runOnlyForDeploymentPostprocessing = 0;
		};
/* End PBXResourcesBuildPhase section */

/* Begin PBXShellScriptBuildPhase section */
		A271B3754B2C54E16DBD2B6F /* [CP] Check Pods Manifest.lock */ = {
			isa = PBXShellScriptBuildPhase;
			buildActionMask = 2147483647;
			files = (
			);
			inputFileListPaths = (
			);
			inputPaths = (
				"${PODS_PODFILE_DIR_PATH}/Podfile.lock",
				"${PODS_ROOT}/Manifest.lock",
			);
			name = "[CP] Check Pods Manifest.lock";
			outputFileListPaths = (
			);
			outputPaths = (
				"$(DERIVED_FILE_DIR)/Pods-sdk-checkManifestLockResult.txt",
			);
			runOnlyForDeploymentPostprocessing = 0;
			shellPath = /bin/sh;
			shellScript = "diff \"${PODS_PODFILE_DIR_PATH}/Podfile.lock\" \"${PODS_ROOT}/Manifest.lock\" > /dev/null\nif [ $? != 0 ] ; then\n    # print error to STDERR\n    echo \"error: The sandbox is not in sync with the Podfile.lock. Run 'pod install' or update your CocoaPods installation.\" >&2\n    exit 1\nfi\n# This output is used by Xcode 'outputs' to avoid re-running this script phase.\necho \"SUCCESS\" > \"${SCRIPT_OUTPUT_FILE_0}\"\n";
			showEnvVarsInLog = 0;
		};
/* End PBXShellScriptBuildPhase section */

/* Begin PBXSourcesBuildPhase section */
		134298D12339F6A7009C744C /* Sources */ = {
			isa = PBXSourcesBuildPhase;
			buildActionMask = 2147483647;
			files = (
				8341E489268E65EE007561FF /* PaymentConfiguration.swift in Sources */,
				8341E495268E65EE007561FF /* ThreeDsData.swift in Sources */,
				8341E480268E65EE007561FF /* Currency.swift in Sources */,
				8341E46F268E65EE007561FF /* Card.swift in Sources */,
				8341E47E268E65EE007561FF /* PostThreeDsRequest.swift in Sources */,
				8341E48D268E65EE007561FF /* PaymentProcessForm.swift in Sources */,
				8341E47F268E65EE007561FF /* TransactionResponse.swift in Sources */,
				8341E48F268E65EE007561FF /* PaymentForm.swift in Sources */,
				8341E48B268E65EE007561FF /* PaymentCardScanner.swift in Sources */,
				8341E48A268E65EE007561FF /* BaseViewController.swift in Sources */,
				8341E475268E65EE007561FF /* String+Extensions.swift in Sources */,
				8341E476268E65EE007561FF /* UIColor+Assets.swift in Sources */,
				8341E477268E65EE007561FF /* UIView+Constraints.swift in Sources */,
				8341E47A268E65EE007561FF /* RSAUtils.swift in Sources */,
				8341E474268E65EE007561FF /* PKPayment+Convert.swift in Sources */,
				8341E486268E65EE007561FF /* BankInfoRequest.swift in Sources */,
				8341E498268E6626007561FF /* CloudpaymentsHTTPResource.swift in Sources */,
				8341E471268E65EE007561FF /* Button.swift in Sources */,
				8341E48C268E65EE007561FF /* PaymentCardForm.swift in Sources */,
				8341E488268E65EE007561FF /* PaymentDelegate.swift in Sources */,
				8341E48E268E65EE007561FF /* PaymentOptionsForm.swift in Sources */,
				8341E484268E65EE007561FF /* ThreeDsResponse.swift in Sources */,
				8341E478268E65EE007561FF /* UIImage+Assets.swift in Sources */,
				8341E485268E65EE007561FF /* CloudpaymentsApi.swift in Sources */,
				8341E494268E65EE007561FF /* ThreeDsProcessor.swift in Sources */,
				8341E479268E65EE007561FF /* Bundle+Extenstions.swift in Sources */,
				8341E473268E65EE007561FF /* UIViewController+Extensions.swift in Sources */,
				8341E482268E65EE007561FF /* BankInfo.swift in Sources */,
				8341E483268E65EE007561FF /* Transaction.swift in Sources */,
				8341E47D268E65EE007561FF /* ChargeRequest.swift in Sources */,
				8341E487268E65EE007561FF /* PaymentData.swift in Sources */,
				8341E47C268E65EE007561FF /* BaseRequest.swift in Sources */,
				8341E47B268E65EE007561FF /* AuthRequest.swift in Sources */,
				8341E472268E65EE007561FF /* FormPresentationController.swift in Sources */,
				8341E470268E65EE007561FF /* TextField.swift in Sources */,
				8341E481268E65EE007561FF /* BankInfoResponse.swift in Sources */,
			);
			runOnlyForDeploymentPostprocessing = 0;
		};
/* End PBXSourcesBuildPhase section */

/* Begin XCBuildConfiguration section */
		134298DB2339F6A7009C744C /* Debug */ = {
			isa = XCBuildConfiguration;
			buildSettings = {
				ALWAYS_EMBED_SWIFT_STANDARD_LIBRARIES = YES;
				ALWAYS_SEARCH_USER_PATHS = NO;
				BITCODE_GENERATION_MODE = marker;
				CLANG_ANALYZER_NONNULL = YES;
				CLANG_ANALYZER_NUMBER_OBJECT_CONVERSION = YES_AGGRESSIVE;
				CLANG_CXX_LANGUAGE_STANDARD = "gnu++14";
				CLANG_CXX_LIBRARY = "libc++";
				CLANG_ENABLE_MODULES = YES;
				CLANG_ENABLE_OBJC_ARC = YES;
				CLANG_ENABLE_OBJC_WEAK = YES;
				CLANG_WARN_BLOCK_CAPTURE_AUTORELEASING = YES;
				CLANG_WARN_BOOL_CONVERSION = YES;
				CLANG_WARN_COMMA = YES;
				CLANG_WARN_CONSTANT_CONVERSION = YES;
				CLANG_WARN_DEPRECATED_OBJC_IMPLEMENTATIONS = YES;
				CLANG_WARN_DIRECT_OBJC_ISA_USAGE = YES_ERROR;
				CLANG_WARN_DOCUMENTATION_COMMENTS = YES;
				CLANG_WARN_EMPTY_BODY = YES;
				CLANG_WARN_ENUM_CONVERSION = YES;
				CLANG_WARN_INFINITE_RECURSION = YES;
				CLANG_WARN_INT_CONVERSION = YES;
				CLANG_WARN_NON_LITERAL_NULL_CONVERSION = YES;
				CLANG_WARN_OBJC_IMPLICIT_RETAIN_SELF = YES;
				CLANG_WARN_OBJC_LITERAL_CONVERSION = YES;
				CLANG_WARN_OBJC_ROOT_CLASS = YES_ERROR;
				CLANG_WARN_QUOTED_INCLUDE_IN_FRAMEWORK_HEADER = YES;
				CLANG_WARN_RANGE_LOOP_ANALYSIS = YES;
				CLANG_WARN_STRICT_PROTOTYPES = YES;
				CLANG_WARN_SUSPICIOUS_MOVE = YES;
				CLANG_WARN_UNGUARDED_AVAILABILITY = YES_AGGRESSIVE;
				CLANG_WARN_UNREACHABLE_CODE = YES;
				CLANG_WARN__DUPLICATE_METHOD_MATCH = YES;
				COPY_PHASE_STRIP = NO;
				CURRENT_PROJECT_VERSION = 1;
				DEBUG_INFORMATION_FORMAT = dwarf;
				ENABLE_STRICT_OBJC_MSGSEND = YES;
				ENABLE_TESTABILITY = YES;
				GCC_C_LANGUAGE_STANDARD = gnu11;
				GCC_DYNAMIC_NO_PIC = NO;
				GCC_NO_COMMON_BLOCKS = YES;
				GCC_OPTIMIZATION_LEVEL = 0;
				GCC_PREPROCESSOR_DEFINITIONS = (
					"DEBUG=1",
					"$(inherited)",
				);
				GCC_WARN_64_TO_32_BIT_CONVERSION = YES;
				GCC_WARN_ABOUT_RETURN_TYPE = YES_ERROR;
				GCC_WARN_UNDECLARED_SELECTOR = YES;
				GCC_WARN_UNINITIALIZED_AUTOS = YES_AGGRESSIVE;
				GCC_WARN_UNUSED_FUNCTION = YES;
				GCC_WARN_UNUSED_VARIABLE = YES;
				IPHONEOS_DEPLOYMENT_TARGET = 11.0;
				MTL_ENABLE_DEBUG_INFO = INCLUDE_SOURCE;
				MTL_FAST_MATH = YES;
				ONLY_ACTIVE_ARCH = YES;
				OTHER_CFLAGS = "-fembed-bitcode-marker";
				SDKROOT = iphoneos;
				SWIFT_ACTIVE_COMPILATION_CONDITIONS = DEBUG;
				SWIFT_OPTIMIZATION_LEVEL = "-Onone";
				SWIFT_VERSION = 5.0;
				VERSIONING_SYSTEM = "apple-generic";
				VERSION_INFO_PREFIX = "";
			};
			name = Debug;
		};
		134298DC2339F6A7009C744C /* Release */ = {
			isa = XCBuildConfiguration;
			buildSettings = {
				ALWAYS_EMBED_SWIFT_STANDARD_LIBRARIES = YES;
				ALWAYS_SEARCH_USER_PATHS = NO;
				BITCODE_GENERATION_MODE = bitcode;
				CLANG_ANALYZER_NONNULL = YES;
				CLANG_ANALYZER_NUMBER_OBJECT_CONVERSION = YES_AGGRESSIVE;
				CLANG_CXX_LANGUAGE_STANDARD = "gnu++14";
				CLANG_CXX_LIBRARY = "libc++";
				CLANG_ENABLE_MODULES = YES;
				CLANG_ENABLE_OBJC_ARC = YES;
				CLANG_ENABLE_OBJC_WEAK = YES;
				CLANG_WARN_BLOCK_CAPTURE_AUTORELEASING = YES;
				CLANG_WARN_BOOL_CONVERSION = YES;
				CLANG_WARN_COMMA = YES;
				CLANG_WARN_CONSTANT_CONVERSION = YES;
				CLANG_WARN_DEPRECATED_OBJC_IMPLEMENTATIONS = YES;
				CLANG_WARN_DIRECT_OBJC_ISA_USAGE = YES_ERROR;
				CLANG_WARN_DOCUMENTATION_COMMENTS = YES;
				CLANG_WARN_EMPTY_BODY = YES;
				CLANG_WARN_ENUM_CONVERSION = YES;
				CLANG_WARN_INFINITE_RECURSION = YES;
				CLANG_WARN_INT_CONVERSION = YES;
				CLANG_WARN_NON_LITERAL_NULL_CONVERSION = YES;
				CLANG_WARN_OBJC_IMPLICIT_RETAIN_SELF = YES;
				CLANG_WARN_OBJC_LITERAL_CONVERSION = YES;
				CLANG_WARN_OBJC_ROOT_CLASS = YES_ERROR;
				CLANG_WARN_QUOTED_INCLUDE_IN_FRAMEWORK_HEADER = YES;
				CLANG_WARN_RANGE_LOOP_ANALYSIS = YES;
				CLANG_WARN_STRICT_PROTOTYPES = YES;
				CLANG_WARN_SUSPICIOUS_MOVE = YES;
				CLANG_WARN_UNGUARDED_AVAILABILITY = YES_AGGRESSIVE;
				CLANG_WARN_UNREACHABLE_CODE = YES;
				CLANG_WARN__DUPLICATE_METHOD_MATCH = YES;
				COPY_PHASE_STRIP = NO;
				CURRENT_PROJECT_VERSION = 1;
				DEBUG_INFORMATION_FORMAT = "dwarf-with-dsym";
				ENABLE_NS_ASSERTIONS = NO;
				ENABLE_STRICT_OBJC_MSGSEND = YES;
				GCC_C_LANGUAGE_STANDARD = gnu11;
				GCC_NO_COMMON_BLOCKS = YES;
				GCC_WARN_64_TO_32_BIT_CONVERSION = YES;
				GCC_WARN_ABOUT_RETURN_TYPE = YES_ERROR;
				GCC_WARN_UNDECLARED_SELECTOR = YES;
				GCC_WARN_UNINITIALIZED_AUTOS = YES_AGGRESSIVE;
				GCC_WARN_UNUSED_FUNCTION = YES;
				GCC_WARN_UNUSED_VARIABLE = YES;
				IPHONEOS_DEPLOYMENT_TARGET = 11.0;
				MTL_ENABLE_DEBUG_INFO = NO;
				MTL_FAST_MATH = YES;
				OTHER_CFLAGS = "-fembed-bitcode";
				SDKROOT = iphoneos;
				SWIFT_COMPILATION_MODE = wholemodule;
				SWIFT_OPTIMIZATION_LEVEL = "-O";
				SWIFT_VERSION = 5.0;
				VALIDATE_PRODUCT = YES;
				VERSIONING_SYSTEM = "apple-generic";
				VERSION_INFO_PREFIX = "";
			};
			name = Release;
		};
		134298DE2339F6A7009C744C /* Debug */ = {
			isa = XCBuildConfiguration;
			baseConfigurationReference = 185354401319B708FEC8FF5E /* Pods-sdk.debug.xcconfig */;
			buildSettings = {
				ALWAYS_EMBED_SWIFT_STANDARD_LIBRARIES = NO;
				CLANG_ENABLE_MODULES = YES;
				"CODE_SIGN_IDENTITY[sdk=macosx*]" = "Apple Development";
				CODE_SIGN_STYLE = Automatic;
				DEFINES_MODULE = YES;
				DEVELOPMENT_TEAM = "";
				DYLIB_COMPATIBILITY_VERSION = 1;
				DYLIB_CURRENT_VERSION = 1;
				DYLIB_INSTALL_NAME_BASE = "@rpath";
				INFOPLIST_FILE = sdk/Info.plist;
				INSTALL_PATH = "$(LOCAL_LIBRARY_DIR)/Frameworks";
				IPHONEOS_DEPLOYMENT_TARGET = 11.0;
				LD_RUNPATH_SEARCH_PATHS = (
					"$(inherited)",
					"@executable_path/Frameworks",
					"@loader_path/Frameworks",
				);
				LIBRARY_SEARCH_PATHS = "$(inherited)";
				MARKETING_VERSION = 1.1.4;
				OTHER_LDFLAGS = "$(inherited)";
				PRODUCT_BUNDLE_IDENTIFIER = ru.cloudpayments.sdk;
				PRODUCT_NAME = "$(TARGET_NAME:c99extidentifier)";
				SKIP_INSTALL = YES;
				SWIFT_OBJC_BRIDGING_HEADER = "${PROJECT_DIR}/sdk-Bridging-Header.h";
				SWIFT_OPTIMIZATION_LEVEL = "-Onone";
				SWIFT_VERSION = 5.0;
				TARGETED_DEVICE_FAMILY = "1,2";
			};
			name = Debug;
		};
		134298DF2339F6A7009C744C /* Release */ = {
			isa = XCBuildConfiguration;
			baseConfigurationReference = 44D06FD4F52EED4F71CB106D /* Pods-sdk.release.xcconfig */;
			buildSettings = {
				ALWAYS_EMBED_SWIFT_STANDARD_LIBRARIES = NO;
				CLANG_ENABLE_MODULES = YES;
				"CODE_SIGN_IDENTITY[sdk=macosx*]" = "Apple Development";
				CODE_SIGN_STYLE = Automatic;
				DEFINES_MODULE = YES;
				DEVELOPMENT_TEAM = "";
				DYLIB_COMPATIBILITY_VERSION = 1;
				DYLIB_CURRENT_VERSION = 1;
				DYLIB_INSTALL_NAME_BASE = "@rpath";
				INFOPLIST_FILE = sdk/Info.plist;
				INSTALL_PATH = "$(LOCAL_LIBRARY_DIR)/Frameworks";
				IPHONEOS_DEPLOYMENT_TARGET = 11.0;
				LD_RUNPATH_SEARCH_PATHS = (
					"$(inherited)",
					"@executable_path/Frameworks",
					"@loader_path/Frameworks",
				);
				LIBRARY_SEARCH_PATHS = "$(inherited)";
				MARKETING_VERSION = 1.1.4;
				OTHER_LDFLAGS = "$(inherited)";
				PRODUCT_BUNDLE_IDENTIFIER = ru.cloudpayments.sdk;
				PRODUCT_NAME = "$(TARGET_NAME:c99extidentifier)";
				SKIP_INSTALL = YES;
				SWIFT_OBJC_BRIDGING_HEADER = "${PROJECT_DIR}/sdk-Bridging-Header.h";
				SWIFT_VERSION = 5.0;
				TARGETED_DEVICE_FAMILY = "1,2";
			};
			name = Release;
		};
/* End XCBuildConfiguration section */

/* Begin XCConfigurationList section */
		134298CF2339F6A7009C744C /* Build configuration list for PBXProject "sdk" */ = {
			isa = XCConfigurationList;
			buildConfigurations = (
				134298DB2339F6A7009C744C /* Debug */,
				134298DC2339F6A7009C744C /* Release */,
			);
			defaultConfigurationIsVisible = 0;
			defaultConfigurationName = Release;
		};
		134298DD2339F6A7009C744C /* Build configuration list for PBXNativeTarget "sdk" */ = {
			isa = XCConfigurationList;
			buildConfigurations = (
				134298DE2339F6A7009C744C /* Debug */,
				134298DF2339F6A7009C744C /* Release */,
			);
			defaultConfigurationIsVisible = 0;
			defaultConfigurationName = Release;
		};
/* End XCConfigurationList section */
	};
	rootObject = 134298CC2339F6A7009C744C /* Project object */;
}
