// !$*UTF8*$!
{
	archiveVersion = 1;
	classes = {
	};
	objectVersion = 50;
	objects = {

/* Begin PBXBuildFile section */
		830043052518D7C200178DC2 /* UIViewController+Extensions.swift in Sources */ = {isa = PBXBuildFile; fileRef = 830043042518D7C200178DC2 /* UIViewController+Extensions.swift */; };
		830043082518DC0F00178DC2 /* BaseViewController.swift in Sources */ = {isa = PBXBuildFile; fileRef = 830043072518DC0F00178DC2 /* BaseViewController.swift */; };
		83171EF42512337700ACE6B1 /* PaymentForm.swift in Sources */ = {isa = PBXBuildFile; fileRef = 83171EF32512337700ACE6B1 /* PaymentForm.swift */; };
		83171EFB2512423E00ACE6B1 /* String+Extensions.swift in Sources */ = {isa = PBXBuildFile; fileRef = 83171EFA2512423E00ACE6B1 /* String+Extensions.swift */; };
		83171EFD2512427900ACE6B1 /* Bundle+Extenstions.swift in Sources */ = {isa = PBXBuildFile; fileRef = 83171EFC2512427900ACE6B1 /* Bundle+Extenstions.swift */; };
		83171F0225124A1B00ACE6B1 /* Assets.xcassets in Resources */ = {isa = PBXBuildFile; fileRef = 83171F002512490800ACE6B1 /* Assets.xcassets */; };
		83171F0325124A1B00ACE6B1 /* PaymentForm.storyboard in Resources */ = {isa = PBXBuildFile; fileRef = 83171F012512490800ACE6B1 /* PaymentForm.storyboard */; };
		83171F0525124C0100ACE6B1 /* PaymentOptionsForm.swift in Sources */ = {isa = PBXBuildFile; fileRef = 83171F0425124C0100ACE6B1 /* PaymentOptionsForm.swift */; };
		83171F0725124F7600ACE6B1 /* PaymentCardForm.swift in Sources */ = {isa = PBXBuildFile; fileRef = 83171F0625124F7600ACE6B1 /* PaymentCardForm.swift */; };
		83197C2A2546FAD00008F705 /* DataRequest+Extension.swift in Sources */ = {isa = PBXBuildFile; fileRef = 83197C292546FAD00008F705 /* DataRequest+Extension.swift */; };
		831D5C35251E0BA700C5D8F9 /* ThreeDsData.swift in Sources */ = {isa = PBXBuildFile; fileRef = 831D5C34251E0BA700C5D8F9 /* ThreeDsData.swift */; };
		831D5C4B251E117D00C5D8F9 /* CloudpaymentsError.swift in Sources */ = {isa = PBXBuildFile; fileRef = 831D5C4A251E117D00C5D8F9 /* CloudpaymentsError.swift */; };
		83205ABB2514F75600F4BA98 /* UIColor+Assets.swift in Sources */ = {isa = PBXBuildFile; fileRef = 83205ABA2514F75600F4BA98 /* UIColor+Assets.swift */; };
		832ADD8D252F5282002A2E8E /* PaymentDelegate.swift in Sources */ = {isa = PBXBuildFile; fileRef = 832ADD8C252F5282002A2E8E /* PaymentDelegate.swift */; };
		832ADD96252F5788002A2E8E /* PaymentConfiguration.swift in Sources */ = {isa = PBXBuildFile; fileRef = 832ADD95252F5788002A2E8E /* PaymentConfiguration.swift */; };
		8346DAE62541B2DC0037303D /* TextField.swift in Sources */ = {isa = PBXBuildFile; fileRef = 8346DAE52541B2DC0037303D /* TextField.swift */; };
		83507D842525EF1D00637BB6 /* PaymentCardScanner.swift in Sources */ = {isa = PBXBuildFile; fileRef = 83507D832525EF1D00637BB6 /* PaymentCardScanner.swift */; };
		83604A90251CD33000A0E7AE /* ThreeDsResponse.swift in Sources */ = {isa = PBXBuildFile; fileRef = 83604A8F251CD33000A0E7AE /* ThreeDsResponse.swift */; };
		83604A96251CD6CA00A0E7AE /* PaymentProcessForm.swift in Sources */ = {isa = PBXBuildFile; fileRef = 83604A95251CD6CA00A0E7AE /* PaymentProcessForm.swift */; };
		83604A9B251CDF7800A0E7AE /* UIImage+Assets.swift in Sources */ = {isa = PBXBuildFile; fileRef = 83604A9A251CDF7800A0E7AE /* UIImage+Assets.swift */; };
		837EBC70251A09C60085FEFA /* Currency.swift in Sources */ = {isa = PBXBuildFile; fileRef = 837EBC6F251A09C60085FEFA /* Currency.swift */; };
		83871986251A01FC00797EDA /* TransactionResponse.swift in Sources */ = {isa = PBXBuildFile; fileRef = 8387197F251A01FC00797EDA /* TransactionResponse.swift */; };
		83871987251A01FC00797EDA /* CloudpaymentsApi.swift in Sources */ = {isa = PBXBuildFile; fileRef = 83871980251A01FC00797EDA /* CloudpaymentsApi.swift */; };
		83871988251A01FC00797EDA /* HTTP.swift in Sources */ = {isa = PBXBuildFile; fileRef = 83871981251A01FC00797EDA /* HTTP.swift */; };
		8387198A251A01FC00797EDA /* BankInfo.swift in Sources */ = {isa = PBXBuildFile; fileRef = 83871984251A01FC00797EDA /* BankInfo.swift */; };
		83871994251A061500797EDA /* Transaction.swift in Sources */ = {isa = PBXBuildFile; fileRef = 83871993251A061500797EDA /* Transaction.swift */; };
		83DFE5F125095CE200DD6128 /* Card.swift in Sources */ = {isa = PBXBuildFile; fileRef = 83DFE5EB25095CE200DD6128 /* Card.swift */; };
		83DFE5F425095CE200DD6128 /* ThreeDsProcessor.swift in Sources */ = {isa = PBXBuildFile; fileRef = 83DFE5EE25095CE200DD6128 /* ThreeDsProcessor.swift */; };
		83DFE5F525095CE200DD6128 /* PKPayment+Convert.swift in Sources */ = {isa = PBXBuildFile; fileRef = 83DFE5EF25095CE200DD6128 /* PKPayment+Convert.swift */; };
		83DFE5F625095CE200DD6128 /* RSAUtils.swift in Sources */ = {isa = PBXBuildFile; fileRef = 83DFE5F025095CE200DD6128 /* RSAUtils.swift */; };
		83ECD16C25135BAB008F088C /* Button.swift in Sources */ = {isa = PBXBuildFile; fileRef = 83ECD16B25135BAB008F088C /* Button.swift */; };
		83ECD16F25139428008F088C /* UIView+Constraints.swift in Sources */ = {isa = PBXBuildFile; fileRef = 83ECD16E25139428008F088C /* UIView+Constraints.swift */; };
		83ECD1712513A3DF008F088C /* FormPresentationController.swift in Sources */ = {isa = PBXBuildFile; fileRef = 83ECD1702513A3DF008F088C /* FormPresentationController.swift */; };
		83F3AC502523208E0067C4BC /* BankInfoResponse.swift in Sources */ = {isa = PBXBuildFile; fileRef = 83F3AC4F2523208E0067C4BC /* BankInfoResponse.swift */; };
		83FD7F52251A3BAD0035419D /* PaymentData.swift in Sources */ = {isa = PBXBuildFile; fileRef = 83FD7F51251A3BAD0035419D /* PaymentData.swift */; };
		E2F5DCDCFA1C12DE91355AA4 /* Pods_sdk.framework in Frameworks */ = {isa = PBXBuildFile; fileRef = 8899609B37DECBC116F61C54 /* Pods_sdk.framework */; };
/* End PBXBuildFile section */

/* Begin PBXFileReference section */
		134298D52339F6A7009C744C /* sdk.framework */ = {isa = PBXFileReference; explicitFileType = wrapper.framework; includeInIndex = 0; path = sdk.framework; sourceTree = BUILT_PRODUCTS_DIR; };
		134298D92339F6A7009C744C /* Info.plist */ = {isa = PBXFileReference; lastKnownFileType = text.plist.xml; path = Info.plist; sourceTree = "<group>"; };
		830043042518D7C200178DC2 /* UIViewController+Extensions.swift */ = {isa = PBXFileReference; lastKnownFileType = sourcecode.swift; path = "UIViewController+Extensions.swift"; sourceTree = "<group>"; };
		830043072518DC0F00178DC2 /* BaseViewController.swift */ = {isa = PBXFileReference; lastKnownFileType = sourcecode.swift; path = BaseViewController.swift; sourceTree = "<group>"; };
		83171EF32512337700ACE6B1 /* PaymentForm.swift */ = {isa = PBXFileReference; lastKnownFileType = sourcecode.swift; path = PaymentForm.swift; sourceTree = "<group>"; };
		83171EFA2512423E00ACE6B1 /* String+Extensions.swift */ = {isa = PBXFileReference; lastKnownFileType = sourcecode.swift; path = "String+Extensions.swift"; sourceTree = "<group>"; };
		83171EFC2512427900ACE6B1 /* Bundle+Extenstions.swift */ = {isa = PBXFileReference; lastKnownFileType = sourcecode.swift; path = "Bundle+Extenstions.swift"; sourceTree = "<group>"; };
		83171F002512490800ACE6B1 /* Assets.xcassets */ = {isa = PBXFileReference; lastKnownFileType = folder.assetcatalog; path = Assets.xcassets; sourceTree = "<group>"; };
		83171F012512490800ACE6B1 /* PaymentForm.storyboard */ = {isa = PBXFileReference; lastKnownFileType = file.storyboard; path = PaymentForm.storyboard; sourceTree = "<group>"; };
		83171F0425124C0100ACE6B1 /* PaymentOptionsForm.swift */ = {isa = PBXFileReference; lastKnownFileType = sourcecode.swift; path = PaymentOptionsForm.swift; sourceTree = "<group>"; };
		83171F0625124F7600ACE6B1 /* PaymentCardForm.swift */ = {isa = PBXFileReference; lastKnownFileType = sourcecode.swift; path = PaymentCardForm.swift; sourceTree = "<group>"; };
		83197C292546FAD00008F705 /* DataRequest+Extension.swift */ = {isa = PBXFileReference; lastKnownFileType = sourcecode.swift; path = "DataRequest+Extension.swift"; sourceTree = "<group>"; };
		831D5C34251E0BA700C5D8F9 /* ThreeDsData.swift */ = {isa = PBXFileReference; lastKnownFileType = sourcecode.swift; path = ThreeDsData.swift; sourceTree = "<group>"; };
		831D5C4A251E117D00C5D8F9 /* CloudpaymentsError.swift */ = {isa = PBXFileReference; lastKnownFileType = sourcecode.swift; path = CloudpaymentsError.swift; sourceTree = "<group>"; };
		83205ABA2514F75600F4BA98 /* UIColor+Assets.swift */ = {isa = PBXFileReference; lastKnownFileType = sourcecode.swift; path = "UIColor+Assets.swift"; sourceTree = "<group>"; };
		832ADD8C252F5282002A2E8E /* PaymentDelegate.swift */ = {isa = PBXFileReference; lastKnownFileType = sourcecode.swift; path = PaymentDelegate.swift; sourceTree = "<group>"; };
		832ADD95252F5788002A2E8E /* PaymentConfiguration.swift */ = {isa = PBXFileReference; lastKnownFileType = sourcecode.swift; path = PaymentConfiguration.swift; sourceTree = "<group>"; };
		8346DAE52541B2DC0037303D /* TextField.swift */ = {isa = PBXFileReference; fileEncoding = 4; lastKnownFileType = sourcecode.swift; path = TextField.swift; sourceTree = "<group>"; };
		83507D332525DF3700637BB6 /* Accelerate.framework */ = {isa = PBXFileReference; lastKnownFileType = wrapper.framework; name = Accelerate.framework; path = Platforms/MacOSX.platform/Developer/SDKs/MacOSX10.15.sdk/System/Library/Frameworks/Accelerate.framework; sourceTree = DEVELOPER_DIR; };
		83507D352525DF3C00637BB6 /* AVFoundation.framework */ = {isa = PBXFileReference; lastKnownFileType = wrapper.framework; name = AVFoundation.framework; path = Platforms/MacOSX.platform/Developer/SDKs/MacOSX10.15.sdk/System/Library/Frameworks/AVFoundation.framework; sourceTree = DEVELOPER_DIR; };
		83507D372525DF4300637BB6 /* AudioToolbox.framework */ = {isa = PBXFileReference; lastKnownFileType = wrapper.framework; name = AudioToolbox.framework; path = Platforms/MacOSX.platform/Developer/SDKs/MacOSX10.15.sdk/System/Library/Frameworks/AudioToolbox.framework; sourceTree = DEVELOPER_DIR; };
		83507D392525DF4D00637BB6 /* CoreMedia.framework */ = {isa = PBXFileReference; lastKnownFileType = wrapper.framework; name = CoreMedia.framework; path = Platforms/MacOSX.platform/Developer/SDKs/MacOSX10.15.sdk/System/Library/Frameworks/CoreMedia.framework; sourceTree = DEVELOPER_DIR; };
		83507D3B2525DF5300637BB6 /* MobileCoreServices.framework */ = {isa = PBXFileReference; lastKnownFileType = wrapper.framework; name = MobileCoreServices.framework; path = Platforms/MacOSX.platform/Developer/SDKs/MacOSX10.15.sdk/System/iOSSupport/System/Library/Frameworks/MobileCoreServices.framework; sourceTree = DEVELOPER_DIR; };
		83507D3D2525DFA000637BB6 /* sdk-Bridging-Header.h */ = {isa = PBXFileReference; lastKnownFileType = sourcecode.c.h; path = "sdk-Bridging-Header.h"; sourceTree = "<group>"; };
		83507D3F2525DFDD00637BB6 /* CoreServices.framework */ = {isa = PBXFileReference; lastKnownFileType = wrapper.framework; name = CoreServices.framework; path = Platforms/MacOSX.platform/Developer/SDKs/MacOSX10.15.sdk/System/Library/Frameworks/CoreServices.framework; sourceTree = DEVELOPER_DIR; };
		83507D832525EF1D00637BB6 /* PaymentCardScanner.swift */ = {isa = PBXFileReference; lastKnownFileType = sourcecode.swift; path = PaymentCardScanner.swift; sourceTree = "<group>"; };
		83604A8F251CD33000A0E7AE /* ThreeDsResponse.swift */ = {isa = PBXFileReference; lastKnownFileType = sourcecode.swift; path = ThreeDsResponse.swift; sourceTree = "<group>"; };
		83604A95251CD6CA00A0E7AE /* PaymentProcessForm.swift */ = {isa = PBXFileReference; lastKnownFileType = sourcecode.swift; path = PaymentProcessForm.swift; sourceTree = "<group>"; };
		83604A9A251CDF7800A0E7AE /* UIImage+Assets.swift */ = {isa = PBXFileReference; lastKnownFileType = sourcecode.swift; path = "UIImage+Assets.swift"; sourceTree = "<group>"; };
		837EBC6F251A09C60085FEFA /* Currency.swift */ = {isa = PBXFileReference; lastKnownFileType = sourcecode.swift; path = Currency.swift; sourceTree = "<group>"; };
		8387197F251A01FC00797EDA /* TransactionResponse.swift */ = {isa = PBXFileReference; fileEncoding = 4; lastKnownFileType = sourcecode.swift; path = TransactionResponse.swift; sourceTree = "<group>"; };
		83871980251A01FC00797EDA /* CloudpaymentsApi.swift */ = {isa = PBXFileReference; fileEncoding = 4; lastKnownFileType = sourcecode.swift; path = CloudpaymentsApi.swift; sourceTree = "<group>"; };
		83871981251A01FC00797EDA /* HTTP.swift */ = {isa = PBXFileReference; fileEncoding = 4; lastKnownFileType = sourcecode.swift; path = HTTP.swift; sourceTree = "<group>"; };
		83871984251A01FC00797EDA /* BankInfo.swift */ = {isa = PBXFileReference; fileEncoding = 4; lastKnownFileType = sourcecode.swift; path = BankInfo.swift; sourceTree = "<group>"; };
		83871993251A061500797EDA /* Transaction.swift */ = {isa = PBXFileReference; fileEncoding = 4; lastKnownFileType = sourcecode.swift; path = Transaction.swift; sourceTree = "<group>"; };
		83DFE5EB25095CE200DD6128 /* Card.swift */ = {isa = PBXFileReference; fileEncoding = 4; lastKnownFileType = sourcecode.swift; path = Card.swift; sourceTree = "<group>"; };
		83DFE5EE25095CE200DD6128 /* ThreeDsProcessor.swift */ = {isa = PBXFileReference; fileEncoding = 4; lastKnownFileType = sourcecode.swift; path = ThreeDsProcessor.swift; sourceTree = "<group>"; };
		83DFE5EF25095CE200DD6128 /* PKPayment+Convert.swift */ = {isa = PBXFileReference; fileEncoding = 4; lastKnownFileType = sourcecode.swift; path = "PKPayment+Convert.swift"; sourceTree = "<group>"; };
		83DFE5F025095CE200DD6128 /* RSAUtils.swift */ = {isa = PBXFileReference; fileEncoding = 4; lastKnownFileType = sourcecode.swift; path = RSAUtils.swift; sourceTree = "<group>"; };
		83ECD16B25135BAB008F088C /* Button.swift */ = {isa = PBXFileReference; lastKnownFileType = sourcecode.swift; path = Button.swift; sourceTree = "<group>"; };
		83ECD16E25139428008F088C /* UIView+Constraints.swift */ = {isa = PBXFileReference; lastKnownFileType = sourcecode.swift; path = "UIView+Constraints.swift"; sourceTree = "<group>"; };
		83ECD1702513A3DF008F088C /* FormPresentationController.swift */ = {isa = PBXFileReference; lastKnownFileType = sourcecode.swift; path = FormPresentationController.swift; sourceTree = "<group>"; };
		83F3AC4F2523208E0067C4BC /* BankInfoResponse.swift */ = {isa = PBXFileReference; lastKnownFileType = sourcecode.swift; path = BankInfoResponse.swift; sourceTree = "<group>"; };
		83FD7F51251A3BAD0035419D /* PaymentData.swift */ = {isa = PBXFileReference; lastKnownFileType = sourcecode.swift; path = PaymentData.swift; sourceTree = "<group>"; };
		8899609B37DECBC116F61C54 /* Pods_sdk.framework */ = {isa = PBXFileReference; explicitFileType = wrapper.framework; includeInIndex = 0; path = Pods_sdk.framework; sourceTree = BUILT_PRODUCTS_DIR; };
		BD2FFC1B8080BE1C522E1F01 /* Pods-sdk.release.xcconfig */ = {isa = PBXFileReference; includeInIndex = 1; lastKnownFileType = text.xcconfig; name = "Pods-sdk.release.xcconfig"; path = "Target Support Files/Pods-sdk/Pods-sdk.release.xcconfig"; sourceTree = "<group>"; };
		D177B6CF4EE20E734AC344D2 /* Pods-sdk.debug.xcconfig */ = {isa = PBXFileReference; includeInIndex = 1; lastKnownFileType = text.xcconfig; name = "Pods-sdk.debug.xcconfig"; path = "Target Support Files/Pods-sdk/Pods-sdk.debug.xcconfig"; sourceTree = "<group>"; };
/* End PBXFileReference section */

/* Begin PBXFrameworksBuildPhase section */
		134298D22339F6A7009C744C /* Frameworks */ = {
			isa = PBXFrameworksBuildPhase;
			buildActionMask = 2147483647;
			files = (
				E2F5DCDCFA1C12DE91355AA4 /* Pods_sdk.framework in Frameworks */,
			);
			runOnlyForDeploymentPostprocessing = 0;
		};
/* End PBXFrameworksBuildPhase section */

/* Begin PBXGroup section */
		134298CB2339F6A7009C744C = {
			isa = PBXGroup;
			children = (
				83507D3D2525DFA000637BB6 /* sdk-Bridging-Header.h */,
				134298D72339F6A7009C744C /* sdk */,
				83171EF52512339E00ACE6B1 /* Resources */,
				134298D62339F6A7009C744C /* Products */,
				D6C804324FE0F6D877C7A194 /* Pods */,
				ACB27EC35C80F9D1EB2A0DD8 /* Frameworks */,
			);
			sourceTree = "<group>";
		};
		134298D62339F6A7009C744C /* Products */ = {
			isa = PBXGroup;
			children = (
				134298D52339F6A7009C744C /* sdk.framework */,
			);
			name = Products;
			sourceTree = "<group>";
		};
		134298D72339F6A7009C744C /* sdk */ = {
			isa = PBXGroup;
			children = (
				8387197D251A01FC00797EDA /* api */,
				83171EF22512335F00ACE6B1 /* PaymentForm */,
				83DFE5F82509615B00DD6128 /* Card */,
				83DFE5FA2509616D00DD6128 /* ThreeDs */,
				83DFE5F92509616600DD6128 /* Utils */,
				134298D92339F6A7009C744C /* Info.plist */,
			);
			path = sdk;
			sourceTree = "<group>";
		};
		83171EF22512335F00ACE6B1 /* PaymentForm */ = {
			isa = PBXGroup;
			children = (
				832ADD92252F5753002A2E8E /* configuration */,
				830043072518DC0F00178DC2 /* BaseViewController.swift */,
				83171EF32512337700ACE6B1 /* PaymentForm.swift */,
				83171F0625124F7600ACE6B1 /* PaymentCardForm.swift */,
				83171F0425124C0100ACE6B1 /* PaymentOptionsForm.swift */,
				83604A95251CD6CA00A0E7AE /* PaymentProcessForm.swift */,
				83507D832525EF1D00637BB6 /* PaymentCardScanner.swift */,
			);
			path = PaymentForm;
			sourceTree = "<group>";
		};
		83171EF52512339E00ACE6B1 /* Resources */ = {
			isa = PBXGroup;
			children = (
				83171F002512490800ACE6B1 /* Assets.xcassets */,
				83171F012512490800ACE6B1 /* PaymentForm.storyboard */,
			);
			path = Resources;
			sourceTree = "<group>";
		};
		83205AB92514F72A00F4BA98 /* Extenstions */ = {
			isa = PBXGroup;
			children = (
				83171EFC2512427900ACE6B1 /* Bundle+Extenstions.swift */,
				83DFE5EF25095CE200DD6128 /* PKPayment+Convert.swift */,
				83171EFA2512423E00ACE6B1 /* String+Extensions.swift */,
				83205ABA2514F75600F4BA98 /* UIColor+Assets.swift */,
				83ECD16E25139428008F088C /* UIView+Constraints.swift */,
				830043042518D7C200178DC2 /* UIViewController+Extensions.swift */,
				83604A9A251CDF7800A0E7AE /* UIImage+Assets.swift */,
			);
			path = Extenstions;
			sourceTree = "<group>";
		};
		832ADD92252F5753002A2E8E /* configuration */ = {
			isa = PBXGroup;
			children = (
				83FD7F51251A3BAD0035419D /* PaymentData.swift */,
				832ADD8C252F5282002A2E8E /* PaymentDelegate.swift */,
				832ADD95252F5788002A2E8E /* PaymentConfiguration.swift */,
			);
			path = configuration;
			sourceTree = "<group>";
		};
		8387197D251A01FC00797EDA /* api */ = {
			isa = PBXGroup;
			children = (
				83871980251A01FC00797EDA /* CloudpaymentsApi.swift */,
				831D5C4A251E117D00C5D8F9 /* CloudpaymentsError.swift */,
				83871981251A01FC00797EDA /* HTTP.swift */,
				8387198D251A02B900797EDA /* Models */,
			);
			path = api;
			sourceTree = "<group>";
		};
		8387198D251A02B900797EDA /* Models */ = {
			isa = PBXGroup;
			children = (
				83871984251A01FC00797EDA /* BankInfo.swift */,
				83F3AC4F2523208E0067C4BC /* BankInfoResponse.swift */,
				837EBC6F251A09C60085FEFA /* Currency.swift */,
				83871993251A061500797EDA /* Transaction.swift */,
				8387197F251A01FC00797EDA /* TransactionResponse.swift */,
				83604A8F251CD33000A0E7AE /* ThreeDsResponse.swift */,
			);
			path = Models;
			sourceTree = "<group>";
		};
		83DFE5F82509615B00DD6128 /* Card */ = {
			isa = PBXGroup;
			children = (
				83DFE5EB25095CE200DD6128 /* Card.swift */,
			);
			path = Card;
			sourceTree = "<group>";
		};
		83DFE5F92509616600DD6128 /* Utils */ = {
			isa = PBXGroup;
			children = (
				83DFE5F025095CE200DD6128 /* RSAUtils.swift */,
				83205AB92514F72A00F4BA98 /* Extenstions */,
				83ECD16D25135BB7008F088C /* UIKit */,
				83197C292546FAD00008F705 /* DataRequest+Extension.swift */,
			);
			path = Utils;
			sourceTree = "<group>";
		};
		83DFE5FA2509616D00DD6128 /* ThreeDs */ = {
			isa = PBXGroup;
			children = (
				83DFE5EE25095CE200DD6128 /* ThreeDsProcessor.swift */,
				831D5C34251E0BA700C5D8F9 /* ThreeDsData.swift */,
			);
			path = ThreeDs;
			sourceTree = "<group>";
		};
		83ECD16D25135BB7008F088C /* UIKit */ = {
			isa = PBXGroup;
			children = (
				83ECD16B25135BAB008F088C /* Button.swift */,
				83ECD1702513A3DF008F088C /* FormPresentationController.swift */,
				8346DAE52541B2DC0037303D /* TextField.swift */,
			);
			path = UIKit;
			sourceTree = "<group>";
		};
		ACB27EC35C80F9D1EB2A0DD8 /* Frameworks */ = {
			isa = PBXGroup;
			children = (
				83507D3F2525DFDD00637BB6 /* CoreServices.framework */,
				83507D3B2525DF5300637BB6 /* MobileCoreServices.framework */,
				83507D392525DF4D00637BB6 /* CoreMedia.framework */,
				83507D372525DF4300637BB6 /* AudioToolbox.framework */,
				83507D352525DF3C00637BB6 /* AVFoundation.framework */,
				83507D332525DF3700637BB6 /* Accelerate.framework */,
				8899609B37DECBC116F61C54 /* Pods_sdk.framework */,
			);
			name = Frameworks;
			sourceTree = "<group>";
		};
		D6C804324FE0F6D877C7A194 /* Pods */ = {
			isa = PBXGroup;
			children = (
				D177B6CF4EE20E734AC344D2 /* Pods-sdk.debug.xcconfig */,
				BD2FFC1B8080BE1C522E1F01 /* Pods-sdk.release.xcconfig */,
			);
			path = Pods;
			sourceTree = "<group>";
		};
/* End PBXGroup section */

/* Begin PBXHeadersBuildPhase section */
		134298D02339F6A7009C744C /* Headers */ = {
			isa = PBXHeadersBuildPhase;
			buildActionMask = 2147483647;
			files = (
			);
			runOnlyForDeploymentPostprocessing = 0;
		};
/* End PBXHeadersBuildPhase section */

/* Begin PBXNativeTarget section */
		134298D42339F6A7009C744C /* sdk */ = {
			isa = PBXNativeTarget;
			buildConfigurationList = 134298DD2339F6A7009C744C /* Build configuration list for PBXNativeTarget "sdk" */;
			buildPhases = (
				23E8C89A295606210C8F9B8A /* [CP] Check Pods Manifest.lock */,
				134298D02339F6A7009C744C /* Headers */,
				134298D12339F6A7009C744C /* Sources */,
				134298D22339F6A7009C744C /* Frameworks */,
				134298D32339F6A7009C744C /* Resources */,
			);
			buildRules = (
			);
			dependencies = (
			);
			name = sdk;
			productName = sdk;
			productReference = 134298D52339F6A7009C744C /* sdk.framework */;
			productType = "com.apple.product-type.framework";
		};
/* End PBXNativeTarget section */

/* Begin PBXProject section */
		134298CC2339F6A7009C744C /* Project object */ = {
			isa = PBXProject;
			attributes = {
				LastUpgradeCheck = 1200;
				ORGANIZATIONNAME = Cloudpayments;
				TargetAttributes = {
					134298D42339F6A7009C744C = {
						CreatedOnToolsVersion = 11.0;
						LastSwiftMigration = 1150;
					};
				};
			};
			buildConfigurationList = 134298CF2339F6A7009C744C /* Build configuration list for PBXProject "sdk" */;
			compatibilityVersion = "Xcode 9.3";
			developmentRegion = en;
			hasScannedForEncodings = 0;
			knownRegions = (
				en,
				Base,
			);
			mainGroup = 134298CB2339F6A7009C744C;
			productRefGroup = 134298D62339F6A7009C744C /* Products */;
			projectDirPath = "";
			projectRoot = "";
			targets = (
				134298D42339F6A7009C744C /* sdk */,
			);
		};
/* End PBXProject section */

/* Begin PBXResourcesBuildPhase section */
		134298D32339F6A7009C744C /* Resources */ = {
			isa = PBXResourcesBuildPhase;
			buildActionMask = 2147483647;
			files = (
				83171F0225124A1B00ACE6B1 /* Assets.xcassets in Resources */,
				83171F0325124A1B00ACE6B1 /* PaymentForm.storyboard in Resources */,
			);
			runOnlyForDeploymentPostprocessing = 0;
		};
/* End PBXResourcesBuildPhase section */

/* Begin PBXShellScriptBuildPhase section */
		23E8C89A295606210C8F9B8A /* [CP] Check Pods Manifest.lock */ = {
			isa = PBXShellScriptBuildPhase;
			buildActionMask = 2147483647;
			files = (
			);
			inputFileListPaths = (
			);
			inputPaths = (
				"${PODS_PODFILE_DIR_PATH}/Podfile.lock",
				"${PODS_ROOT}/Manifest.lock",
			);
			name = "[CP] Check Pods Manifest.lock";
			outputFileListPaths = (
			);
			outputPaths = (
				"$(DERIVED_FILE_DIR)/Pods-sdk-checkManifestLockResult.txt",
			);
			runOnlyForDeploymentPostprocessing = 0;
			shellPath = /bin/sh;
			shellScript = "diff \"${PODS_PODFILE_DIR_PATH}/Podfile.lock\" \"${PODS_ROOT}/Manifest.lock\" > /dev/null\nif [ $? != 0 ] ; then\n    # print error to STDERR\n    echo \"error: The sandbox is not in sync with the Podfile.lock. Run 'pod install' or update your CocoaPods installation.\" >&2\n    exit 1\nfi\n# This output is used by Xcode 'outputs' to avoid re-running this script phase.\necho \"SUCCESS\" > \"${SCRIPT_OUTPUT_FILE_0}\"\n";
			showEnvVarsInLog = 0;
		};
/* End PBXShellScriptBuildPhase section */

/* Begin PBXSourcesBuildPhase section */
		134298D12339F6A7009C744C /* Sources */ = {
			isa = PBXSourcesBuildPhase;
			buildActionMask = 2147483647;
			files = (
				83171EFB2512423E00ACE6B1 /* String+Extensions.swift in Sources */,
				831D5C4B251E117D00C5D8F9 /* CloudpaymentsError.swift in Sources */,
				83171EF42512337700ACE6B1 /* PaymentForm.swift in Sources */,
				83871986251A01FC00797EDA /* TransactionResponse.swift in Sources */,
				83507D842525EF1D00637BB6 /* PaymentCardScanner.swift in Sources */,
				83ECD16F25139428008F088C /* UIView+Constraints.swift in Sources */,
				8387198A251A01FC00797EDA /* BankInfo.swift in Sources */,
				83871987251A01FC00797EDA /* CloudpaymentsApi.swift in Sources */,
				83604A96251CD6CA00A0E7AE /* PaymentProcessForm.swift in Sources */,
				83604A9B251CDF7800A0E7AE /* UIImage+Assets.swift in Sources */,
				83DFE5F125095CE200DD6128 /* Card.swift in Sources */,
				832ADD96252F5788002A2E8E /* PaymentConfiguration.swift in Sources */,
				83604A90251CD33000A0E7AE /* ThreeDsResponse.swift in Sources */,
				83F3AC502523208E0067C4BC /* BankInfoResponse.swift in Sources */,
				830043082518DC0F00178DC2 /* BaseViewController.swift in Sources */,
				830043052518D7C200178DC2 /* UIViewController+Extensions.swift in Sources */,
				83171EFD2512427900ACE6B1 /* Bundle+Extenstions.swift in Sources */,
				831D5C35251E0BA700C5D8F9 /* ThreeDsData.swift in Sources */,
				83DFE5F525095CE200DD6128 /* PKPayment+Convert.swift in Sources */,
				8346DAE62541B2DC0037303D /* TextField.swift in Sources */,
				837EBC70251A09C60085FEFA /* Currency.swift in Sources */,
				83197C2A2546FAD00008F705 /* DataRequest+Extension.swift in Sources */,
				83ECD16C25135BAB008F088C /* Button.swift in Sources */,
				83171F0525124C0100ACE6B1 /* PaymentOptionsForm.swift in Sources */,
				83FD7F52251A3BAD0035419D /* PaymentData.swift in Sources */,
				83871994251A061500797EDA /* Transaction.swift in Sources */,
				83205ABB2514F75600F4BA98 /* UIColor+Assets.swift in Sources */,
				83DFE5F625095CE200DD6128 /* RSAUtils.swift in Sources */,
				83DFE5F425095CE200DD6128 /* ThreeDsProcessor.swift in Sources */,
				83871988251A01FC00797EDA /* HTTP.swift in Sources */,
				83ECD1712513A3DF008F088C /* FormPresentationController.swift in Sources */,
				832ADD8D252F5282002A2E8E /* PaymentDelegate.swift in Sources */,
				83171F0725124F7600ACE6B1 /* PaymentCardForm.swift in Sources */,
			);
			runOnlyForDeploymentPostprocessing = 0;
		};
/* End PBXSourcesBuildPhase section */

/* Begin XCBuildConfiguration section */
		134298DB2339F6A7009C744C /* Debug */ = {
			isa = XCBuildConfiguration;
			buildSettings = {
				ALWAYS_EMBED_SWIFT_STANDARD_LIBRARIES = YES;
				ALWAYS_SEARCH_USER_PATHS = NO;
				BITCODE_GENERATION_MODE = marker;
				CLANG_ANALYZER_NONNULL = YES;
				CLANG_ANALYZER_NUMBER_OBJECT_CONVERSION = YES_AGGRESSIVE;
				CLANG_CXX_LANGUAGE_STANDARD = "gnu++14";
				CLANG_CXX_LIBRARY = "libc++";
				CLANG_ENABLE_MODULES = YES;
				CLANG_ENABLE_OBJC_ARC = YES;
				CLANG_ENABLE_OBJC_WEAK = YES;
				CLANG_WARN_BLOCK_CAPTURE_AUTORELEASING = YES;
				CLANG_WARN_BOOL_CONVERSION = YES;
				CLANG_WARN_COMMA = YES;
				CLANG_WARN_CONSTANT_CONVERSION = YES;
				CLANG_WARN_DEPRECATED_OBJC_IMPLEMENTATIONS = YES;
				CLANG_WARN_DIRECT_OBJC_ISA_USAGE = YES_ERROR;
				CLANG_WARN_DOCUMENTATION_COMMENTS = YES;
				CLANG_WARN_EMPTY_BODY = YES;
				CLANG_WARN_ENUM_CONVERSION = YES;
				CLANG_WARN_INFINITE_RECURSION = YES;
				CLANG_WARN_INT_CONVERSION = YES;
				CLANG_WARN_NON_LITERAL_NULL_CONVERSION = YES;
				CLANG_WARN_OBJC_IMPLICIT_RETAIN_SELF = YES;
				CLANG_WARN_OBJC_LITERAL_CONVERSION = YES;
				CLANG_WARN_OBJC_ROOT_CLASS = YES_ERROR;
				CLANG_WARN_QUOTED_INCLUDE_IN_FRAMEWORK_HEADER = YES;
				CLANG_WARN_RANGE_LOOP_ANALYSIS = YES;
				CLANG_WARN_STRICT_PROTOTYPES = YES;
				CLANG_WARN_SUSPICIOUS_MOVE = YES;
				CLANG_WARN_UNGUARDED_AVAILABILITY = YES_AGGRESSIVE;
				CLANG_WARN_UNREACHABLE_CODE = YES;
				CLANG_WARN__DUPLICATE_METHOD_MATCH = YES;
				COPY_PHASE_STRIP = NO;
				CURRENT_PROJECT_VERSION = 1;
				DEBUG_INFORMATION_FORMAT = dwarf;
				ENABLE_STRICT_OBJC_MSGSEND = YES;
				ENABLE_TESTABILITY = YES;
				GCC_C_LANGUAGE_STANDARD = gnu11;
				GCC_DYNAMIC_NO_PIC = NO;
				GCC_NO_COMMON_BLOCKS = YES;
				GCC_OPTIMIZATION_LEVEL = 0;
				GCC_PREPROCESSOR_DEFINITIONS = (
					"DEBUG=1",
					"$(inherited)",
				);
				GCC_WARN_64_TO_32_BIT_CONVERSION = YES;
				GCC_WARN_ABOUT_RETURN_TYPE = YES_ERROR;
				GCC_WARN_UNDECLARED_SELECTOR = YES;
				GCC_WARN_UNINITIALIZED_AUTOS = YES_AGGRESSIVE;
				GCC_WARN_UNUSED_FUNCTION = YES;
				GCC_WARN_UNUSED_VARIABLE = YES;
				IPHONEOS_DEPLOYMENT_TARGET = 11.0;
				MTL_ENABLE_DEBUG_INFO = INCLUDE_SOURCE;
				MTL_FAST_MATH = YES;
				ONLY_ACTIVE_ARCH = YES;
				OTHER_CFLAGS = "-fembed-bitcode-marker";
				SDKROOT = iphoneos;
				SWIFT_ACTIVE_COMPILATION_CONDITIONS = DEBUG;
				SWIFT_OPTIMIZATION_LEVEL = "-Onone";
				SWIFT_VERSION = 5.0;
				VERSIONING_SYSTEM = "apple-generic";
				VERSION_INFO_PREFIX = "";
			};
			name = Debug;
		};
		134298DC2339F6A7009C744C /* Release */ = {
			isa = XCBuildConfiguration;
			buildSettings = {
				ALWAYS_EMBED_SWIFT_STANDARD_LIBRARIES = YES;
				ALWAYS_SEARCH_USER_PATHS = NO;
				BITCODE_GENERATION_MODE = bitcode;
				CLANG_ANALYZER_NONNULL = YES;
				CLANG_ANALYZER_NUMBER_OBJECT_CONVERSION = YES_AGGRESSIVE;
				CLANG_CXX_LANGUAGE_STANDARD = "gnu++14";
				CLANG_CXX_LIBRARY = "libc++";
				CLANG_ENABLE_MODULES = YES;
				CLANG_ENABLE_OBJC_ARC = YES;
				CLANG_ENABLE_OBJC_WEAK = YES;
				CLANG_WARN_BLOCK_CAPTURE_AUTORELEASING = YES;
				CLANG_WARN_BOOL_CONVERSION = YES;
				CLANG_WARN_COMMA = YES;
				CLANG_WARN_CONSTANT_CONVERSION = YES;
				CLANG_WARN_DEPRECATED_OBJC_IMPLEMENTATIONS = YES;
				CLANG_WARN_DIRECT_OBJC_ISA_USAGE = YES_ERROR;
				CLANG_WARN_DOCUMENTATION_COMMENTS = YES;
				CLANG_WARN_EMPTY_BODY = YES;
				CLANG_WARN_ENUM_CONVERSION = YES;
				CLANG_WARN_INFINITE_RECURSION = YES;
				CLANG_WARN_INT_CONVERSION = YES;
				CLANG_WARN_NON_LITERAL_NULL_CONVERSION = YES;
				CLANG_WARN_OBJC_IMPLICIT_RETAIN_SELF = YES;
				CLANG_WARN_OBJC_LITERAL_CONVERSION = YES;
				CLANG_WARN_OBJC_ROOT_CLASS = YES_ERROR;
				CLANG_WARN_QUOTED_INCLUDE_IN_FRAMEWORK_HEADER = YES;
				CLANG_WARN_RANGE_LOOP_ANALYSIS = YES;
				CLANG_WARN_STRICT_PROTOTYPES = YES;
				CLANG_WARN_SUSPICIOUS_MOVE = YES;
				CLANG_WARN_UNGUARDED_AVAILABILITY = YES_AGGRESSIVE;
				CLANG_WARN_UNREACHABLE_CODE = YES;
				CLANG_WARN__DUPLICATE_METHOD_MATCH = YES;
				COPY_PHASE_STRIP = NO;
				CURRENT_PROJECT_VERSION = 1;
				DEBUG_INFORMATION_FORMAT = "dwarf-with-dsym";
				ENABLE_NS_ASSERTIONS = NO;
				ENABLE_STRICT_OBJC_MSGSEND = YES;
				GCC_C_LANGUAGE_STANDARD = gnu11;
				GCC_NO_COMMON_BLOCKS = YES;
				GCC_WARN_64_TO_32_BIT_CONVERSION = YES;
				GCC_WARN_ABOUT_RETURN_TYPE = YES_ERROR;
				GCC_WARN_UNDECLARED_SELECTOR = YES;
				GCC_WARN_UNINITIALIZED_AUTOS = YES_AGGRESSIVE;
				GCC_WARN_UNUSED_FUNCTION = YES;
				GCC_WARN_UNUSED_VARIABLE = YES;
				IPHONEOS_DEPLOYMENT_TARGET = 11.0;
				MTL_ENABLE_DEBUG_INFO = NO;
				MTL_FAST_MATH = YES;
				OTHER_CFLAGS = "-fembed-bitcode";
				SDKROOT = iphoneos;
				SWIFT_COMPILATION_MODE = wholemodule;
				SWIFT_OPTIMIZATION_LEVEL = "-O";
				SWIFT_VERSION = 5.0;
				VALIDATE_PRODUCT = YES;
				VERSIONING_SYSTEM = "apple-generic";
				VERSION_INFO_PREFIX = "";
			};
			name = Release;
		};
		134298DE2339F6A7009C744C /* Debug */ = {
			isa = XCBuildConfiguration;
			baseConfigurationReference = D177B6CF4EE20E734AC344D2 /* Pods-sdk.debug.xcconfig */;
			buildSettings = {
				ALWAYS_EMBED_SWIFT_STANDARD_LIBRARIES = NO;
				CLANG_ENABLE_MODULES = YES;
				"CODE_SIGN_IDENTITY[sdk=macosx*]" = "Apple Development";
				CODE_SIGN_STYLE = Automatic;
				DEFINES_MODULE = YES;
				DEVELOPMENT_TEAM = "";
				DYLIB_COMPATIBILITY_VERSION = 1;
				DYLIB_CURRENT_VERSION = 1;
				DYLIB_INSTALL_NAME_BASE = "@rpath";
				INFOPLIST_FILE = sdk/Info.plist;
				INSTALL_PATH = "$(LOCAL_LIBRARY_DIR)/Frameworks";
				IPHONEOS_DEPLOYMENT_TARGET = 11.0;
				LD_RUNPATH_SEARCH_PATHS = (
					"$(inherited)",
					"@executable_path/Frameworks",
					"@loader_path/Frameworks",
				);
				LIBRARY_SEARCH_PATHS = "$(inherited)";
				MARKETING_VERSION = 1.0.0;
				OTHER_LDFLAGS = "$(inherited)";
				PRODUCT_BUNDLE_IDENTIFIER = ru.cloudpayments.sdk;
				PRODUCT_NAME = "$(TARGET_NAME:c99extidentifier)";
				SKIP_INSTALL = YES;
				SWIFT_OBJC_BRIDGING_HEADER = "${PROJECT_DIR}/sdk-Bridging-Header.h";
				SWIFT_OPTIMIZATION_LEVEL = "-Onone";
				SWIFT_VERSION = 5.0;
				TARGETED_DEVICE_FAMILY = "1,2";
			};
			name = Debug;
		};
		134298DF2339F6A7009C744C /* Release */ = {
			isa = XCBuildConfiguration;
			baseConfigurationReference = BD2FFC1B8080BE1C522E1F01 /* Pods-sdk.release.xcconfig */;
			buildSettings = {
				ALWAYS_EMBED_SWIFT_STANDARD_LIBRARIES = NO;
				CLANG_ENABLE_MODULES = YES;
				"CODE_SIGN_IDENTITY[sdk=macosx*]" = "Apple Development";
				CODE_SIGN_STYLE = Automatic;
				DEFINES_MODULE = YES;
				DEVELOPMENT_TEAM = "";
				DYLIB_COMPATIBILITY_VERSION = 1;
				DYLIB_CURRENT_VERSION = 1;
				DYLIB_INSTALL_NAME_BASE = "@rpath";
				INFOPLIST_FILE = sdk/Info.plist;
				INSTALL_PATH = "$(LOCAL_LIBRARY_DIR)/Frameworks";
				IPHONEOS_DEPLOYMENT_TARGET = 11.0;
				LD_RUNPATH_SEARCH_PATHS = (
					"$(inherited)",
					"@executable_path/Frameworks",
					"@loader_path/Frameworks",
				);
				LIBRARY_SEARCH_PATHS = "$(inherited)";
				MARKETING_VERSION = 1.0.0;
				OTHER_LDFLAGS = "$(inherited)";
				PRODUCT_BUNDLE_IDENTIFIER = ru.cloudpayments.sdk;
				PRODUCT_NAME = "$(TARGET_NAME:c99extidentifier)";
				SKIP_INSTALL = YES;
				SWIFT_OBJC_BRIDGING_HEADER = "${PROJECT_DIR}/sdk-Bridging-Header.h";
				SWIFT_VERSION = 5.0;
				TARGETED_DEVICE_FAMILY = "1,2";
			};
			name = Release;
		};
/* End XCBuildConfiguration section */

/* Begin XCConfigurationList section */
		134298CF2339F6A7009C744C /* Build configuration list for PBXProject "sdk" */ = {
			isa = XCConfigurationList;
			buildConfigurations = (
				134298DB2339F6A7009C744C /* Debug */,
				134298DC2339F6A7009C744C /* Release */,
			);
			defaultConfigurationIsVisible = 0;
			defaultConfigurationName = Release;
		};
		134298DD2339F6A7009C744C /* Build configuration list for PBXNativeTarget "sdk" */ = {
			isa = XCConfigurationList;
			buildConfigurations = (
				134298DE2339F6A7009C744C /* Debug */,
				134298DF2339F6A7009C744C /* Release */,
			);
			defaultConfigurationIsVisible = 0;
			defaultConfigurationName = Release;
		};
/* End XCConfigurationList section */
	};
	rootObject = 134298CC2339F6A7009C744C /* Project object */;
}
