// !$*UTF8*$!
{
	archiveVersion = 1;
	classes = {
	};
	objectVersion = 51;
	objects = {

/* Begin PBXBuildFile section */
		1318032122F8454C00761630 /* CartViewCell.swift in Sources */ = {isa = PBXBuildFile; fileRef = 1318032022F8454C00761630 /* CartViewCell.swift */; };
		1318234E233CEFDD004BEC5B /* Constants.swift in Sources */ = {isa = PBXBuildFile; fileRef = 1318234D233CEFDD004BEC5B /* Constants.swift */; };
		1322B2D2229E716800657399 /* CartManager.swift in Sources */ = {isa = PBXBuildFile; fileRef = 1322B2D1229E716800657399 /* CartManager.swift */; };
		1322B2D4229E9E0800657399 /* Product.swift in Sources */ = {isa = PBXBuildFile; fileRef = 1322B2D3229E9E0800657399 /* Product.swift */; };
		133417CD234380A200AC4CBA /* String+Extensions.swift in Sources */ = {isa = PBXBuildFile; fileRef = 133417CB234380A200AC4CBA /* String+Extensions.swift */; };
		133417CE234380A200AC4CBA /* UIViewController+Extensions.swift in Sources */ = {isa = PBXBuildFile; fileRef = 133417CC234380A200AC4CBA /* UIViewController+Extensions.swift */; };
		1397CFCE22A134FD00C542D7 /* CartViewController.swift in Sources */ = {isa = PBXBuildFile; fileRef = 1397CFCD22A134FD00C542D7 /* CartViewController.swift */; };
		13B49EC0224A4793001F85CF /* AppDelegate.swift in Sources */ = {isa = PBXBuildFile; fileRef = 13B49EBF224A4793001F85CF /* AppDelegate.swift */; };
		13B49EC2224A4793001F85CF /* MainViewController.swift in Sources */ = {isa = PBXBuildFile; fileRef = 13B49EC1224A4793001F85CF /* MainViewController.swift */; };
		13B49EC5224A4793001F85CF /* Main.storyboard in Resources */ = {isa = PBXBuildFile; fileRef = 13B49EC3224A4793001F85CF /* Main.storyboard */; };
		13B49EC7224A4795001F85CF /* Assets.xcassets in Resources */ = {isa = PBXBuildFile; fileRef = 13B49EC6224A4795001F85CF /* Assets.xcassets */; };
		13B49ECA224A4795001F85CF /* LaunchScreen.storyboard in Resources */ = {isa = PBXBuildFile; fileRef = 13B49EC8224A4795001F85CF /* LaunchScreen.storyboard */; };
		13C6E42923325FE500091825 /* CheckoutViewController.swift in Sources */ = {isa = PBXBuildFile; fileRef = 13C6E42823325FE500091825 /* CheckoutViewController.swift */; };
		13C73729229577D300701DA4 /* ProductViewCell.swift in Sources */ = {isa = PBXBuildFile; fileRef = 13C73728229577D300701DA4 /* ProductViewCell.swift */; };
		72A740CE1A15F70A911727E0 /* Pods_demo.framework in Frameworks */ = {isa = PBXBuildFile; fileRef = 6F2AF084EC88E2A710DDE84A /* Pods_demo.framework */; };
		831A1D222538413A003CA251 /* BaseViewController.swift in Sources */ = {isa = PBXBuildFile; fileRef = 831A1D212538413A003CA251 /* BaseViewController.swift */; };
		8341E419268E3A6E007561FF /* ProductsRequest.swift in Sources */ = {isa = PBXBuildFile; fileRef = 8341E418268E3A6E007561FF /* ProductsRequest.swift */; };
/* End PBXBuildFile section */

/* Begin PBXFileReference section */
		1318032022F8454C00761630 /* CartViewCell.swift */ = {isa = PBXFileReference; lastKnownFileType = sourcecode.swift; path = CartViewCell.swift; sourceTree = "<group>"; };
		1318234D233CEFDD004BEC5B /* Constants.swift */ = {isa = PBXFileReference; fileEncoding = 4; lastKnownFileType = sourcecode.swift; path = Constants.swift; sourceTree = "<group>"; };
		1322B2D1229E716800657399 /* CartManager.swift */ = {isa = PBXFileReference; lastKnownFileType = sourcecode.swift; path = CartManager.swift; sourceTree = "<group>"; };
		1322B2D3229E9E0800657399 /* Product.swift */ = {isa = PBXFileReference; lastKnownFileType = sourcecode.swift; path = Product.swift; sourceTree = "<group>"; };
		133417CB234380A200AC4CBA /* String+Extensions.swift */ = {isa = PBXFileReference; fileEncoding = 4; lastKnownFileType = sourcecode.swift; path = "String+Extensions.swift"; sourceTree = "<group>"; };
		133417CC234380A200AC4CBA /* UIViewController+Extensions.swift */ = {isa = PBXFileReference; fileEncoding = 4; lastKnownFileType = sourcecode.swift; path = "UIViewController+Extensions.swift"; sourceTree = "<group>"; };
		133417D423439DBA00AC4CBA /* demo-Bridging-Header.h */ = {isa = PBXFileReference; lastKnownFileType = sourcecode.c.h; path = "demo-Bridging-Header.h"; sourceTree = "<group>"; };
		1397CFCD22A134FD00C542D7 /* CartViewController.swift */ = {isa = PBXFileReference; lastKnownFileType = sourcecode.swift; path = CartViewController.swift; sourceTree = "<group>"; };
		13B49EBC224A4793001F85CF /* demo.app */ = {isa = PBXFileReference; explicitFileType = wrapper.application; includeInIndex = 0; path = demo.app; sourceTree = BUILT_PRODUCTS_DIR; };
		13B49EBF224A4793001F85CF /* AppDelegate.swift */ = {isa = PBXFileReference; lastKnownFileType = sourcecode.swift; path = AppDelegate.swift; sourceTree = "<group>"; };
		13B49EC1224A4793001F85CF /* MainViewController.swift */ = {isa = PBXFileReference; lastKnownFileType = sourcecode.swift; path = MainViewController.swift; sourceTree = "<group>"; };
		13B49EC4224A4793001F85CF /* Base */ = {isa = PBXFileReference; lastKnownFileType = file.storyboard; name = Base; path = Base.lproj/Main.storyboard; sourceTree = "<group>"; };
		13B49EC6224A4795001F85CF /* Assets.xcassets */ = {isa = PBXFileReference; lastKnownFileType = folder.assetcatalog; path = Assets.xcassets; sourceTree = "<group>"; };
		13B49EC9224A4795001F85CF /* Base */ = {isa = PBXFileReference; lastKnownFileType = file.storyboard; name = Base; path = Base.lproj/LaunchScreen.storyboard; sourceTree = "<group>"; };
		13B49ECB224A4795001F85CF /* Info.plist */ = {isa = PBXFileReference; lastKnownFileType = text.plist.xml; path = Info.plist; sourceTree = "<group>"; };
		13C6E42823325FE500091825 /* CheckoutViewController.swift */ = {isa = PBXFileReference; lastKnownFileType = sourcecode.swift; path = CheckoutViewController.swift; sourceTree = "<group>"; };
		13C73728229577D300701DA4 /* ProductViewCell.swift */ = {isa = PBXFileReference; lastKnownFileType = sourcecode.swift; path = ProductViewCell.swift; sourceTree = "<group>"; };
		6F2AF084EC88E2A710DDE84A /* Pods_demo.framework */ = {isa = PBXFileReference; explicitFileType = wrapper.framework; includeInIndex = 0; path = Pods_demo.framework; sourceTree = BUILT_PRODUCTS_DIR; };
		831A1D212538413A003CA251 /* BaseViewController.swift */ = {isa = PBXFileReference; lastKnownFileType = sourcecode.swift; path = BaseViewController.swift; sourceTree = "<group>"; };
		8341E418268E3A6E007561FF /* ProductsRequest.swift */ = {isa = PBXFileReference; lastKnownFileType = sourcecode.swift; path = ProductsRequest.swift; sourceTree = "<group>"; };
		834610234C33050607A81238 /* Pods-demo.release.xcconfig */ = {isa = PBXFileReference; includeInIndex = 1; lastKnownFileType = text.xcconfig; name = "Pods-demo.release.xcconfig"; path = "Target Support Files/Pods-demo/Pods-demo.release.xcconfig"; sourceTree = "<group>"; };
		8387197B2519F06C00797EDA /* demo.entitlements */ = {isa = PBXFileReference; lastKnownFileType = text.plist.entitlements; path = demo.entitlements; sourceTree = "<group>"; };
		866BC3CDC9995240AE0B0442 /* Pods-demo.debug.xcconfig */ = {isa = PBXFileReference; includeInIndex = 1; lastKnownFileType = text.xcconfig; name = "Pods-demo.debug.xcconfig"; path = "Target Support Files/Pods-demo/Pods-demo.debug.xcconfig"; sourceTree = "<group>"; };
/* End PBXFileReference section */

/* Begin PBXFrameworksBuildPhase section */
		13B49EB9224A4793001F85CF /* Frameworks */ = {
			isa = PBXFrameworksBuildPhase;
			buildActionMask = 2147483647;
			files = (
				72A740CE1A15F70A911727E0 /* Pods_demo.framework in Frameworks */,
			);
			runOnlyForDeploymentPostprocessing = 0;
		};
/* End PBXFrameworksBuildPhase section */

/* Begin PBXGroup section */
		1318233C233CEA21004BEC5B /* Services */ = {
			isa = PBXGroup;
			children = (
				1322B2D1229E716800657399 /* CartManager.swift */,
			);
			path = Services;
			sourceTree = "<group>";
		};
		13182348233CEAFB004BEC5B /* Models */ = {
			isa = PBXGroup;
			children = (
				1322B2D3229E9E0800657399 /* Product.swift */,
				8341E418268E3A6E007561FF /* ProductsRequest.swift */,
			);
			path = Models;
			sourceTree = "<group>";
		};
		1318234B233CEB33004BEC5B /* ViewControllers */ = {
			isa = PBXGroup;
			children = (
				831A1D212538413A003CA251 /* BaseViewController.swift */,
				831A1D2425384729003CA251 /* Main */,
				831A1D252538472F003CA251 /* Cart */,
				13C6E42823325FE500091825 /* CheckoutViewController.swift */,
			);
			path = ViewControllers;
			sourceTree = "<group>";
		};
		1318234C233CEFD3004BEC5B /* Support */ = {
			isa = PBXGroup;
			children = (
				1318234D233CEFDD004BEC5B /* Constants.swift */,
			);
			path = Support;
			sourceTree = "<group>";
		};
		133417CA2343807F00AC4CBA /* Extensions */ = {
			isa = PBXGroup;
			children = (
				133417CB234380A200AC4CBA /* String+Extensions.swift */,
				133417CC234380A200AC4CBA /* UIViewController+Extensions.swift */,
			);
			path = Extensions;
			sourceTree = "<group>";
		};
		13B49EB3224A4793001F85CF = {
			isa = PBXGroup;
			children = (
				13B49EBE224A4793001F85CF /* demo */,
				13B49EBD224A4793001F85CF /* Products */,
				783360454E6067683DC51BAD /* Pods */,
				74C52E7933916C01C80B3762 /* Frameworks */,
			);
			sourceTree = "<group>";
		};
		13B49EBD224A4793001F85CF /* Products */ = {
			isa = PBXGroup;
			children = (
				13B49EBC224A4793001F85CF /* demo.app */,
			);
			name = Products;
			sourceTree = "<group>";
		};
		13B49EBE224A4793001F85CF /* demo */ = {
			isa = PBXGroup;
			children = (
				8387197B2519F06C00797EDA /* demo.entitlements */,
				133417CA2343807F00AC4CBA /* Extensions */,
				1318234C233CEFD3004BEC5B /* Support */,
				1318234B233CEB33004BEC5B /* ViewControllers */,
				13182348233CEAFB004BEC5B /* Models */,
				1318233C233CEA21004BEC5B /* Services */,
				13B49EBF224A4793001F85CF /* AppDelegate.swift */,
				13B49EC3224A4793001F85CF /* Main.storyboard */,
				13B49EC6224A4795001F85CF /* Assets.xcassets */,
				13B49EC8224A4795001F85CF /* LaunchScreen.storyboard */,
				13B49ECB224A4795001F85CF /* Info.plist */,
				133417D423439DBA00AC4CBA /* demo-Bridging-Header.h */,
			);
			path = demo;
			sourceTree = "<group>";
		};
		74C52E7933916C01C80B3762 /* Frameworks */ = {
			isa = PBXGroup;
			children = (
				6F2AF084EC88E2A710DDE84A /* Pods_demo.framework */,
			);
			name = Frameworks;
			sourceTree = "<group>";
		};
		783360454E6067683DC51BAD /* Pods */ = {
			isa = PBXGroup;
			children = (
				866BC3CDC9995240AE0B0442 /* Pods-demo.debug.xcconfig */,
				834610234C33050607A81238 /* Pods-demo.release.xcconfig */,
			);
			path = Pods;
			sourceTree = "<group>";
		};
		831A1D2425384729003CA251 /* Main */ = {
			isa = PBXGroup;
			children = (
				13B49EC1224A4793001F85CF /* MainViewController.swift */,
				13C73728229577D300701DA4 /* ProductViewCell.swift */,
			);
			path = Main;
			sourceTree = "<group>";
		};
		831A1D252538472F003CA251 /* Cart */ = {
			isa = PBXGroup;
			children = (
				1397CFCD22A134FD00C542D7 /* CartViewController.swift */,
				1318032022F8454C00761630 /* CartViewCell.swift */,
			);
			path = Cart;
			sourceTree = "<group>";
		};
/* End PBXGroup section */

/* Begin PBXNativeTarget section */
		13B49EBB224A4793001F85CF /* demo */ = {
			isa = PBXNativeTarget;
			buildConfigurationList = 13B49ECE224A4795001F85CF /* Build configuration list for PBXNativeTarget "demo" */;
			buildPhases = (
				6A18A432F735DC8515748C4E /* [CP] Check Pods Manifest.lock */,
				13B49EB8224A4793001F85CF /* Sources */,
				13B49EB9224A4793001F85CF /* Frameworks */,
				13B49EBA224A4793001F85CF /* Resources */,
				56C6072A4FE8EC6750D9BACC /* [CP] Embed Pods Frameworks */,
			);
			buildRules = (
			);
			dependencies = (
			);
			name = demo;
			productName = demo;
			productReference = 13B49EBC224A4793001F85CF /* demo.app */;
			productType = "com.apple.product-type.application";
		};
/* End PBXNativeTarget section */

/* Begin PBXProject section */
		13B49EB4224A4793001F85CF /* Project object */ = {
			isa = PBXProject;
			attributes = {
				LastSwiftUpdateCheck = 1020;
				LastUpgradeCheck = 1020;
				ORGANIZATIONNAME = Cloudpayments;
				TargetAttributes = {
					13B49EBB224A4793001F85CF = {
						CreatedOnToolsVersion = 10.2;
					};
				};
			};
			buildConfigurationList = 13B49EB7224A4793001F85CF /* Build configuration list for PBXProject "demo" */;
			compatibilityVersion = "Xcode 9.3";
			developmentRegion = en;
			hasScannedForEncodings = 0;
			knownRegions = (
				en,
				Base,
			);
			mainGroup = 13B49EB3224A4793001F85CF;
			productRefGroup = 13B49EBD224A4793001F85CF /* Products */;
			projectDirPath = "";
			projectRoot = "";
			targets = (
				13B49EBB224A4793001F85CF /* demo */,
			);
		};
/* End PBXProject section */

/* Begin PBXResourcesBuildPhase section */
		13B49EBA224A4793001F85CF /* Resources */ = {
			isa = PBXResourcesBuildPhase;
			buildActionMask = 2147483647;
			files = (
				13B49ECA224A4795001F85CF /* LaunchScreen.storyboard in Resources */,
				13B49EC7224A4795001F85CF /* Assets.xcassets in Resources */,
				13B49EC5224A4793001F85CF /* Main.storyboard in Resources */,
			);
			runOnlyForDeploymentPostprocessing = 0;
		};
/* End PBXResourcesBuildPhase section */

/* Begin PBXShellScriptBuildPhase section */
		56C6072A4FE8EC6750D9BACC /* [CP] Embed Pods Frameworks */ = {
			isa = PBXShellScriptBuildPhase;
			buildActionMask = 2147483647;
			files = (
			);
			inputFileListPaths = (
				"${PODS_ROOT}/Target Support Files/Pods-demo/Pods-demo-frameworks-${CONFIGURATION}-input-files.xcfilelist",
			);
			name = "[CP] Embed Pods Frameworks";
			outputFileListPaths = (
				"${PODS_ROOT}/Target Support Files/Pods-demo/Pods-demo-frameworks-${CONFIGURATION}-output-files.xcfilelist",
			);
			runOnlyForDeploymentPostprocessing = 0;
			shellPath = /bin/sh;
			shellScript = "\"${PODS_ROOT}/Target Support Files/Pods-demo/Pods-demo-frameworks.sh\"\n";
			showEnvVarsInLog = 0;
		};
		6A18A432F735DC8515748C4E /* [CP] Check Pods Manifest.lock */ = {
			isa = PBXShellScriptBuildPhase;
			buildActionMask = 2147483647;
			files = (
			);
			inputFileListPaths = (
			);
			inputPaths = (
				"${PODS_PODFILE_DIR_PATH}/Podfile.lock",
				"${PODS_ROOT}/Manifest.lock",
			);
			name = "[CP] Check Pods Manifest.lock";
			outputFileListPaths = (
			);
			outputPaths = (
				"$(DERIVED_FILE_DIR)/Pods-demo-checkManifestLockResult.txt",
			);
			runOnlyForDeploymentPostprocessing = 0;
			shellPath = /bin/sh;
			shellScript = "diff \"${PODS_PODFILE_DIR_PATH}/Podfile.lock\" \"${PODS_ROOT}/Manifest.lock\" > /dev/null\nif [ $? != 0 ] ; then\n    # print error to STDERR\n    echo \"error: The sandbox is not in sync with the Podfile.lock. Run 'pod install' or update your CocoaPods installation.\" >&2\n    exit 1\nfi\n# This output is used by Xcode 'outputs' to avoid re-running this script phase.\necho \"SUCCESS\" > \"${SCRIPT_OUTPUT_FILE_0}\"\n";
			showEnvVarsInLog = 0;
		};
/* End PBXShellScriptBuildPhase section */

/* Begin PBXSourcesBuildPhase section */
		13B49EB8224A4793001F85CF /* Sources */ = {
			isa = PBXSourcesBuildPhase;
			buildActionMask = 2147483647;
			files = (
				13B49EC2224A4793001F85CF /* MainViewController.swift in Sources */,
				8341E419268E3A6E007561FF /* ProductsRequest.swift in Sources */,
				1322B2D2229E716800657399 /* CartManager.swift in Sources */,
				1318032122F8454C00761630 /* CartViewCell.swift in Sources */,
				1322B2D4229E9E0800657399 /* Product.swift in Sources */,
				13C6E42923325FE500091825 /* CheckoutViewController.swift in Sources */,
				831A1D222538413A003CA251 /* BaseViewController.swift in Sources */,
				13B49EC0224A4793001F85CF /* AppDelegate.swift in Sources */,
				133417CD234380A200AC4CBA /* String+Extensions.swift in Sources */,
				133417CE234380A200AC4CBA /* UIViewController+Extensions.swift in Sources */,
				1318234E233CEFDD004BEC5B /* Constants.swift in Sources */,
				1397CFCE22A134FD00C542D7 /* CartViewController.swift in Sources */,
				13C73729229577D300701DA4 /* ProductViewCell.swift in Sources */,
			);
			runOnlyForDeploymentPostprocessing = 0;
		};
/* End PBXSourcesBuildPhase section */

/* Begin PBXVariantGroup section */
		13B49EC3224A4793001F85CF /* Main.storyboard */ = {
			isa = PBXVariantGroup;
			children = (
				13B49EC4224A4793001F85CF /* Base */,
			);
			name = Main.storyboard;
			sourceTree = "<group>";
		};
		13B49EC8224A4795001F85CF /* LaunchScreen.storyboard */ = {
			isa = PBXVariantGroup;
			children = (
				13B49EC9224A4795001F85CF /* Base */,
			);
			name = LaunchScreen.storyboard;
			sourceTree = "<group>";
		};
/* End PBXVariantGroup section */

/* Begin XCBuildConfiguration section */
		13B49ECC224A4795001F85CF /* Debug */ = {
			isa = XCBuildConfiguration;
			buildSettings = {
				ALWAYS_SEARCH_USER_PATHS = NO;
				CLANG_ANALYZER_NONNULL = YES;
				CLANG_ANALYZER_NUMBER_OBJECT_CONVERSION = YES_AGGRESSIVE;
				CLANG_CXX_LANGUAGE_STANDARD = "gnu++14";
				CLANG_CXX_LIBRARY = "libc++";
				CLANG_ENABLE_MODULES = YES;
				CLANG_ENABLE_OBJC_ARC = YES;
				CLANG_ENABLE_OBJC_WEAK = YES;
				CLANG_WARN_BLOCK_CAPTURE_AUTORELEASING = YES;
				CLANG_WARN_BOOL_CONVERSION = YES;
				CLANG_WARN_COMMA = YES;
				CLANG_WARN_CONSTANT_CONVERSION = YES;
				CLANG_WARN_DEPRECATED_OBJC_IMPLEMENTATIONS = YES;
				CLANG_WARN_DIRECT_OBJC_ISA_USAGE = YES_ERROR;
				CLANG_WARN_DOCUMENTATION_COMMENTS = YES;
				CLANG_WARN_EMPTY_BODY = YES;
				CLANG_WARN_ENUM_CONVERSION = YES;
				CLANG_WARN_INFINITE_RECURSION = YES;
				CLANG_WARN_INT_CONVERSION = YES;
				CLANG_WARN_NON_LITERAL_NULL_CONVERSION = YES;
				CLANG_WARN_OBJC_IMPLICIT_RETAIN_SELF = YES;
				CLANG_WARN_OBJC_LITERAL_CONVERSION = YES;
				CLANG_WARN_OBJC_ROOT_CLASS = YES_ERROR;
				CLANG_WARN_RANGE_LOOP_ANALYSIS = YES;
				CLANG_WARN_STRICT_PROTOTYPES = YES;
				CLANG_WARN_SUSPICIOUS_MOVE = YES;
				CLANG_WARN_UNGUARDED_AVAILABILITY = YES_AGGRESSIVE;
				CLANG_WARN_UNREACHABLE_CODE = YES;
				CLANG_WARN__DUPLICATE_METHOD_MATCH = YES;
				CODE_SIGN_IDENTITY = "iPhone Developer";
				COPY_PHASE_STRIP = NO;
				DEBUG_INFORMATION_FORMAT = dwarf;
				ENABLE_STRICT_OBJC_MSGSEND = YES;
				ENABLE_TESTABILITY = YES;
				GCC_C_LANGUAGE_STANDARD = gnu11;
				GCC_DYNAMIC_NO_PIC = NO;
				GCC_NO_COMMON_BLOCKS = YES;
				GCC_OPTIMIZATION_LEVEL = 0;
				GCC_PREPROCESSOR_DEFINITIONS = (
					"DEBUG=1",
					"$(inherited)",
				);
				GCC_WARN_64_TO_32_BIT_CONVERSION = YES;
				GCC_WARN_ABOUT_RETURN_TYPE = YES_ERROR;
				GCC_WARN_UNDECLARED_SELECTOR = YES;
				GCC_WARN_UNINITIALIZED_AUTOS = YES_AGGRESSIVE;
				GCC_WARN_UNUSED_FUNCTION = YES;
				GCC_WARN_UNUSED_VARIABLE = YES;
				IPHONEOS_DEPLOYMENT_TARGET = 11.0;
				MTL_ENABLE_DEBUG_INFO = INCLUDE_SOURCE;
				MTL_FAST_MATH = YES;
				ONLY_ACTIVE_ARCH = YES;
				SDKROOT = iphoneos;
				SWIFT_ACTIVE_COMPILATION_CONDITIONS = DEBUG;
				SWIFT_OBJC_BRIDGING_HEADER = "demo/demo-Bridging-Header.h";
				SWIFT_OPTIMIZATION_LEVEL = "-Onone";
			};
			name = Debug;
		};
		13B49ECD224A4795001F85CF /* Release */ = {
			isa = XCBuildConfiguration;
			buildSettings = {
				ALWAYS_SEARCH_USER_PATHS = NO;
				CLANG_ANALYZER_NONNULL = YES;
				CLANG_ANALYZER_NUMBER_OBJECT_CONVERSION = YES_AGGRESSIVE;
				CLANG_CXX_LANGUAGE_STANDARD = "gnu++14";
				CLANG_CXX_LIBRARY = "libc++";
				CLANG_ENABLE_MODULES = YES;
				CLANG_ENABLE_OBJC_ARC = YES;
				CLANG_ENABLE_OBJC_WEAK = YES;
				CLANG_WARN_BLOCK_CAPTURE_AUTORELEASING = YES;
				CLANG_WARN_BOOL_CONVERSION = YES;
				CLANG_WARN_COMMA = YES;
				CLANG_WARN_CONSTANT_CONVERSION = YES;
				CLANG_WARN_DEPRECATED_OBJC_IMPLEMENTATIONS = YES;
				CLANG_WARN_DIRECT_OBJC_ISA_USAGE = YES_ERROR;
				CLANG_WARN_DOCUMENTATION_COMMENTS = YES;
				CLANG_WARN_EMPTY_BODY = YES;
				CLANG_WARN_ENUM_CONVERSION = YES;
				CLANG_WARN_INFINITE_RECURSION = YES;
				CLANG_WARN_INT_CONVERSION = YES;
				CLANG_WARN_NON_LITERAL_NULL_CONVERSION = YES;
				CLANG_WARN_OBJC_IMPLICIT_RETAIN_SELF = YES;
				CLANG_WARN_OBJC_LITERAL_CONVERSION = YES;
				CLANG_WARN_OBJC_ROOT_CLASS = YES_ERROR;
				CLANG_WARN_RANGE_LOOP_ANALYSIS = YES;
				CLANG_WARN_STRICT_PROTOTYPES = YES;
				CLANG_WARN_SUSPICIOUS_MOVE = YES;
				CLANG_WARN_UNGUARDED_AVAILABILITY = YES_AGGRESSIVE;
				CLANG_WARN_UNREACHABLE_CODE = YES;
				CLANG_WARN__DUPLICATE_METHOD_MATCH = YES;
				CODE_SIGN_IDENTITY = "iPhone Developer";
				COPY_PHASE_STRIP = NO;
				DEBUG_INFORMATION_FORMAT = "dwarf-with-dsym";
				ENABLE_NS_ASSERTIONS = NO;
				ENABLE_STRICT_OBJC_MSGSEND = YES;
				GCC_C_LANGUAGE_STANDARD = gnu11;
				GCC_NO_COMMON_BLOCKS = YES;
				GCC_WARN_64_TO_32_BIT_CONVERSION = YES;
				GCC_WARN_ABOUT_RETURN_TYPE = YES_ERROR;
				GCC_WARN_UNDECLARED_SELECTOR = YES;
				GCC_WARN_UNINITIALIZED_AUTOS = YES_AGGRESSIVE;
				GCC_WARN_UNUSED_FUNCTION = YES;
				GCC_WARN_UNUSED_VARIABLE = YES;
				IPHONEOS_DEPLOYMENT_TARGET = 11.0;
				MTL_ENABLE_DEBUG_INFO = NO;
				MTL_FAST_MATH = YES;
				SDKROOT = iphoneos;
				SWIFT_COMPILATION_MODE = wholemodule;
				SWIFT_OBJC_BRIDGING_HEADER = "demo/demo-Bridging-Header.h";
				SWIFT_OPTIMIZATION_LEVEL = "-O";
				VALIDATE_PRODUCT = YES;
			};
			name = Release;
		};
		13B49ECF224A4795001F85CF /* Debug */ = {
			isa = XCBuildConfiguration;
			baseConfigurationReference = 866BC3CDC9995240AE0B0442 /* Pods-demo.debug.xcconfig */;
			buildSettings = {
				ASSETCATALOG_COMPILER_APPICON_NAME = AppIcon;
				CODE_SIGN_ENTITLEMENTS = demo/demo.entitlements;
				CODE_SIGN_IDENTITY = "Apple Development";
				CODE_SIGN_STYLE = Automatic;
				CURRENT_PROJECT_VERSION = 8;
				DEVELOPMENT_TEAM = WCLAYYKMWP;
				HEADER_SEARCH_PATHS = (
					"$(inherited)",
					"\"${PODS_CONFIGURATION_BUILD_DIR}/Alamofire/Alamofire.framework/Headers\"",
					"\"${PODS_CONFIGURATION_BUILD_DIR}/AlamofireObjectMapper/AlamofireObjectMapper.framework/Headers\"",
					"\"${PODS_CONFIGURATION_BUILD_DIR}/ObjectMapper/ObjectMapper.framework/Headers\"",
					"$(SOURCE_ROOT)/Pods",
				);
				INFOPLIST_FILE = demo/Info.plist;
				IPHONEOS_DEPLOYMENT_TARGET = 11.0;
				LD_RUNPATH_SEARCH_PATHS = (
					"$(inherited)",
					"@executable_path/Frameworks",
				);
				MARKETING_VERSION = 1.1.3;
				PRODUCT_BUNDLE_IDENTIFIER = ru.cloudpayments.ApplePayDemo;
				PRODUCT_NAME = "$(TARGET_NAME)";
				PROVISIONING_PROFILE_SPECIFIER = "";
				SWIFT_VERSION = 5.0;
				TARGETED_DEVICE_FAMILY = "1,2";
			};
			name = Debug;
		};
		13B49ED0224A4795001F85CF /* Release */ = {
			isa = XCBuildConfiguration;
			baseConfigurationReference = 834610234C33050607A81238 /* Pods-demo.release.xcconfig */;
			buildSettings = {
				ASSETCATALOG_COMPILER_APPICON_NAME = AppIcon;
				CODE_SIGN_ENTITLEMENTS = demo/demo.entitlements;
				CODE_SIGN_IDENTITY = "Apple Development";
				CODE_SIGN_STYLE = Automatic;
				CURRENT_PROJECT_VERSION = 8;
				DEVELOPMENT_TEAM = WCLAYYKMWP;
				HEADER_SEARCH_PATHS = (
					"$(inherited)",
					"\"${PODS_CONFIGURATION_BUILD_DIR}/Alamofire/Alamofire.framework/Headers\"",
					"\"${PODS_CONFIGURATION_BUILD_DIR}/AlamofireObjectMapper/AlamofireObjectMapper.framework/Headers\"",
					"\"${PODS_CONFIGURATION_BUILD_DIR}/ObjectMapper/ObjectMapper.framework/Headers\"",
					"$(SOURCE_ROOT)/Pods",
				);
				INFOPLIST_FILE = demo/Info.plist;
				IPHONEOS_DEPLOYMENT_TARGET = 11.0;
				LD_RUNPATH_SEARCH_PATHS = (
					"$(inherited)",
					"@executable_path/Frameworks",
				);
				MARKETING_VERSION = 1.1.3;
				PRODUCT_BUNDLE_IDENTIFIER = ru.cloudpayments.ApplePayDemo;
				PRODUCT_NAME = "$(TARGET_NAME)";
				PROVISIONING_PROFILE_SPECIFIER = "";
				SWIFT_VERSION = 5.0;
				TARGETED_DEVICE_FAMILY = "1,2";
			};
			name = Release;
		};
/* End XCBuildConfiguration section */

/* Begin XCConfigurationList section */
		13B49EB7224A4793001F85CF /* Build configuration list for PBXProject "demo" */ = {
			isa = XCConfigurationList;
			buildConfigurations = (
				13B49ECC224A4795001F85CF /* Debug */,
				13B49ECD224A4795001F85CF /* Release */,
			);
			defaultConfigurationIsVisible = 0;
			defaultConfigurationName = Release;
		};
		13B49ECE224A4795001F85CF /* Build configuration list for PBXNativeTarget "demo" */ = {
			isa = XCConfigurationList;
			buildConfigurations = (
				13B49ECF224A4795001F85CF /* Debug */,
				13B49ED0224A4795001F85CF /* Release */,
			);
			defaultConfigurationIsVisible = 0;
			defaultConfigurationName = Release;
		};
/* End XCConfigurationList section */
	};
	rootObject = 13B49EB4224A4793001F85CF /* Project object */;
}
