PODS:
  - Alamofire (5.0.0-rc.2)
  - AlamofireObjectMapper (6.2.0):
    - Alamofire (= 5.0.0-rc.2)
    - ObjectMapper (~> 3.5.1)
  - CardIO (5.4.1)
  - Cloudpayments (1.0.1):
    - Alamofire
    - ObjectMapper
  - ObjectMapper (3.5.3)
  - SDWebImage (5.9.4):
    - SDWebImage/Core (= 5.9.4)
  - SDWebImage/Core (5.9.4)

DEPENDENCIES:
  - AlamofireObjectMapper (~> 6.2)
  - CardIO
  - Cloudpayments (from `../sdk`)
  - SDWebImage

SPEC REPOS:
  trunk:
    - Alamofire
    - AlamofireObjectMapper
    - CardIO
    - ObjectMapper
    - SDWebImage

EXTERNAL SOURCES:
  Cloudpayments:
    :path: "../sdk"

SPEC CHECKSUMS:
  Alamofire: f9450d3c7f6bea2ad62e7a541c3e9b186c7991d6
  AlamofireObjectMapper: 74d1440c92c42bbcc2b5f4dc81654ac095ec669f
  CardIO: 56983b39b62f495fc6dae9ad7cf875143df06443
  Cloudpayments: 5e3799de6aeeddf6e9d471d3d27f6121a79be50d
  ObjectMapper: 97111c97e054a6ee25917662106689f0b4127b37
  SDWebImage: b69257f4ab14e9b6a2ef53e910fdf914d8f757c1

PODFILE CHECKSUM: 6ba1467b476f4342a610b337fe0add83d3f6f6cf

COCOAPODS: 1.9.3
